
Microsoft Visual Studio Solution File, Format Version 12.00
# Visual Studio Version 17
VisualStudioVersion = 17.13.35825.156
MinimumVisualStudioVersion = 10.0.40219.1
Project("{2150E333-8FDC-42A3-9474-1A3956D46DE8}") = "Chapter01", "Chapter01", "{DDB4EF12-CC4E-5E88-E6FC-71A802F4DE97}"
EndProject
Project("{FAE04EC0-301F-11D3-BF4B-00C04F79EFBC}") = "ProductSample", "Chapter01\ProductSample\ProductSample.csproj", "{96C91DA9-8A85-4592-8DE7-D65BC18F1161}"
EndProject
Project("{2150E333-8FDC-42A3-9474-1A3956D46DE8}") = "Chapter02", "Chapter02", "{AAAE952D-B64F-491F-947C-B9E72875860C}"
EndProject
Project("{FAE04EC0-301F-11D3-BF4B-00C04F79EFBC}") = "DistanceConverter", "Chapter02\DistanceConverter\DistanceConverter.csproj", "{FFE8FE4C-9C0E-4A2E-93BC-BCF10EA544B1}"
EndProject
Project("{2150E333-8FDC-42A3-9474-1A3956D46DE8}") = "演習問題", "演習問題", "{D783EB48-1549-4010-9347-30E972311C46}"
EndProject
Project("{FAE04EC0-301F-11D3-BF4B-00C04F79EFBC}") = "Exercise02", "Chapter02\演習問題\Exercise02\Exercise02.csproj", "{FC6BE27A-B6AC-457F-B8B7-841732F7E2CE}"
EndProject
Project("{2150E333-8FDC-42A3-9474-1A3956D46DE8}") = "距離換算プログラム", "距離換算プログラム", "{4A6231C2-F61A-45C2-9133-D6C317AC8280}"
EndProject
Project("{2150E333-8FDC-42A3-9474-1A3956D46DE8}") = "FormApps", "FormApps", "{0C3E68D9-43BA-4E49-82BD-79054C6123BA}"
EndProject
Project("{FAE04EC0-301F-11D3-BF4B-00C04F79EFBC}") = "UnitConverter", "FormApps\UnitConverter\UnitConverter.csproj", "{E7DDD714-C311-48AD-B5CC-6CB5FBB58496}"
EndProject
Project("{FAE04EC0-301F-11D3-BF4B-00C04F79EFBC}") = "StopWatch", "FormApps\StopWatch\StopWatch.csproj", "{DB339D28-5C46-4EF3-A3BB-456FD48647AD}"
EndProject
Global
	GlobalSection(SolutionConfigurationPlatforms) = preSolution
		Debug|Any CPU = Debug|Any CPU
		Release|Any CPU = Release|Any CPU
	EndGlobalSection
	GlobalSection(ProjectConfigurationPlatforms) = postSolution
		{96C91DA9-8A85-4592-8DE7-D65BC18F1161}.Debug|Any CPU.ActiveCfg = Debug|Any CPU
		{96C91DA9-8A85-4592-8DE7-D65BC18F1161}.Debug|Any CPU.Build.0 = Debug|Any CPU
		{96C91DA9-8A85-4592-8DE7-D65BC18F1161}.Release|Any CPU.ActiveCfg = Release|Any CPU
		{96C91DA9-8A85-4592-8DE7-D65BC18F1161}.Release|Any CPU.Build.0 = Release|Any CPU
		{FFE8FE4C-9C0E-4A2E-93BC-BCF10EA544B1}.Debug|Any CPU.ActiveCfg = Debug|Any CPU
		{FFE8FE4C-9C0E-4A2E-93BC-BCF10EA544B1}.Debug|Any CPU.Build.0 = Debug|Any CPU
		{FFE8FE4C-9C0E-4A2E-93BC-BCF10EA544B1}.Release|Any CPU.ActiveCfg = Release|Any CPU
		{FFE8FE4C-9C0E-4A2E-93BC-BCF10EA544B1}.Release|Any CPU.Build.0 = Release|Any CPU
		{FC6BE27A-B6AC-457F-B8B7-841732F7E2CE}.Debug|Any CPU.ActiveCfg = Debug|Any CPU
		{FC6BE27A-B6AC-457F-B8B7-841732F7E2CE}.Debug|Any CPU.Build.0 = Debug|Any CPU
		{FC6BE27A-B6AC-457F-B8B7-841732F7E2CE}.Release|Any CPU.ActiveCfg = Release|Any CPU
		{FC6BE27A-B6AC-457F-B8B7-841732F7E2CE}.Release|Any CPU.Build.0 = Release|Any CPU
		{E7DDD714-C311-48AD-B5CC-6CB5FBB58496}.Debug|Any CPU.ActiveCfg = Debug|Any CPU
		{E7DDD714-C311-48AD-B5CC-6CB5FBB58496}.Debug|Any CPU.Build.0 = Debug|Any CPU
		{E7DDD714-C311-48AD-B5CC-6CB5FBB58496}.Release|Any CPU.ActiveCfg = Release|Any CPU
		{E7DDD714-C311-48AD-B5CC-6CB5FBB58496}.Release|Any CPU.Build.0 = Release|Any CPU
		{DB339D28-5C46-4EF3-A3BB-456FD48647AD}.Debug|Any CPU.ActiveCfg = Debug|Any CPU
		{DB339D28-5C46-4EF3-A3BB-456FD48647AD}.Debug|Any CPU.Build.0 = Debug|Any CPU
		{DB339D28-5C46-4EF3-A3BB-456FD48647AD}.Release|Any CPU.ActiveCfg = Release|Any CPU
		{DB339D28-5C46-4EF3-A3BB-456FD48647AD}.Release|Any CPU.Build.0 = Release|Any CPU
	EndGlobalSection
	GlobalSection(SolutionProperties) = preSolution
		HideSolutionNode = FALSE
	EndGlobalSection
	GlobalSection(NestedProjects) = preSolution
		{96C91DA9-8A85-4592-8DE7-D65BC18F1161} = {DDB4EF12-CC4E-5E88-E6FC-71A802F4DE97}
		{FFE8FE4C-9C0E-4A2E-93BC-BCF10EA544B1} = {4A6231C2-F61A-45C2-9133-D6C317AC8280}
		{D783EB48-1549-4010-9347-30E972311C46} = {AAAE952D-B64F-491F-947C-B9E72875860C}
		{FC6BE27A-B6AC-457F-B8B7-841732F7E2CE} = {D783EB48-1549-4010-9347-30E972311C46}
		{4A6231C2-F61A-45C2-9133-D6C317AC8280} = {AAAE952D-B64F-491F-947C-B9E72875860C}
		{E7DDD714-C311-48AD-B5CC-6CB5FBB58496} = {0C3E68D9-43BA-4E49-82BD-79054C6123BA}
		{DB339D28-5C46-4EF3-A3BB-456FD48647AD} = {0C3E68D9-43BA-4E49-82BD-79054C6123BA}
	EndGlobalSection
	GlobalSection(ExtensibilityGlobals) = postSolution
		SolutionGuid = {DE3A1FC4-B9D5-4F09-8ACB-8EF816322E53}
	EndGlobalSection
EndGlobal
