
Microsoft Visual Studio Solution File, Format Version 12.00
# Visual Studio Version 17
VisualStudioVersion = 17.13.35825.156
MinimumVisualStudioVersion = 10.0.40219.1
Project("{2150E333-8FDC-42A3-9474-1A3956D46DE8}") = "Chapter01", "Chapter01", "{DDB4EF12-CC4E-5E88-E6FC-71A802F4DE97}"
EndProject
Project("{FAE04EC0-301F-11D3-BF4B-00C04F79EFBC}") = "ProductSample", "Chapter01\ProductSample\ProductSample.csproj", "{96C91DA9-8A85-4592-8DE7-D65BC18F1161}"
EndProject
Project("{2150E333-8FDC-42A3-9474-1A3956D46DE8}") = "Chapter02", "Chapter02", "{AAAE952D-B64F-491F-947C-B9E72875860C}"
EndProject
Project("{FAE04EC0-301F-11D3-BF4B-00C04F79EFBC}") = "DistanceConverter", "Chapter02\DistanceConverter\DistanceConverter.csproj", "{FFE8FE4C-9C0E-4A2E-93BC-BCF10EA544B1}"
EndProject
Project("{2150E333-8FDC-42A3-9474-1A3956D46DE8}") = "演習問題", "演習問題", "{D783EB48-1549-4010-9347-30E972311C46}"
EndProject
Project("{FAE04EC0-301F-11D3-BF4B-00C04F79EFBC}") = "Exercise02", "Chapter02\演習問題\Exercise02\Exercise02.csproj", "{FC6BE27A-B6AC-457F-B8B7-841732F7E2CE}"
EndProject
Project("{2150E333-8FDC-42A3-9474-1A3956D46DE8}") = "距離換算プログラム", "距離換算プログラム", "{4A6231C2-F61A-45C2-9133-D6C317AC8280}"
EndProject
Project("{2150E333-8FDC-42A3-9474-1A3956D46DE8}") = "FormApps", "FormApps", "{0C3E68D9-43BA-4E49-82BD-79054C6123BA}"
EndProject
Project("{FAE04EC0-301F-11D3-BF4B-00C04F79EFBC}") = "UnitConverter", "FormApps\UnitConverter\UnitConverter.csproj", "{E7DDD714-C311-48AD-B5CC-6CB5FBB58496}"
EndProject
Project("{FAE04EC0-301F-11D3-BF4B-00C04F79EFBC}") = "StopWatch", "FormApps\StopWatch\StopWatch.csproj", "{DB339D28-5C46-4EF3-A3BB-456FD48647AD}"
EndProject
Project("{2150E333-8FDC-42A3-9474-1A3956D46DE8}") = "売り上げ集計プログラム", "売り上げ集計プログラム", "{3CB83083-0806-406B-9596-A5553EC17336}"
EndProject
Project("{FAE04EC0-301F-11D3-BF4B-00C04F79EFBC}") = "SalesCalculator", "Chapter02\SalesCalculator\SalesCalculator.csproj", "{6E6F95D4-6CAC-474B-AF2F-8FAE1DB82E80}"
EndProject
Project("{FAE04EC0-301F-11D3-BF4B-00C04F79EFBC}") = "Exercise01", "Chapter02\演習問題\Exercise01\Exercise01.csproj", "{C873F348-3CA4-495F-AB57-B01E30EA4112}"
EndProject
Project("{2150E333-8FDC-42A3-9474-1A3956D46DE8}") = "Chapter03", "Chapter03", "{D068BD2B-EE86-49BC-9AE9-CB41BE7B1C3C}"
EndProject
Project("{FAE04EC0-301F-11D3-BF4B-00C04F79EFBC}") = "Section01", "Chapter03\Section01\Section01.csproj", "{67CF22F4-2C54-4172-ABE4-C0BF3B06DB1D}"
EndProject
Project("{2150E333-8FDC-42A3-9474-1A3956D46DE8}") = "演習問題", "演習問題", "{0F75E12F-BAD3-4F6F-8C8B-D659E1F98151}"
EndProject
Project("{FAE04EC0-301F-11D3-BF4B-00C04F79EFBC}") = "Exercise02", "Chapter03\演習問題\Exercise02\Exercise02.csproj", "{C98A200A-E54E-4E6F-933F-83D2DD617E4E}"
EndProject
Project("{FAE04EC0-301F-11D3-BF4B-00C04F79EFBC}") = "Section04", "Chapter03\Section04\Section04.csproj", "{573EDFBF-EF65-4775-91DE-C38F59313CD5}"
EndProject
Project("{FAE04EC0-301F-11D3-BF4B-00C04F79EFBC}") = "Exercise01", "Chapter03\演習問題\Exercise01\Exercise01.csproj", "{212CF20C-7327-4C4A-A1C7-0143E8BEE976}"
EndProject
Project("{2150E333-8FDC-42A3-9474-1A3956D46DE8}") = "Chapter04", "Chapter04", "{0D3DCECD-6EF8-4CA5-AB79-741B5CBC7E45}"
EndProject
Project("{FAE04EC0-301F-11D3-BF4B-00C04F79EFBC}") = "Section04", "Chapter04\Section04\Section04.csproj", "{1257F68E-480C-4746-8B09-85E92221A7C5}"
EndProject
Project("{2150E333-8FDC-42A3-9474-1A3956D46DE8}") = "演習問題", "演習問題", "{636C93AE-CB5C-4822-821A-0B10C2407A75}"
EndProject
Project("{FAE04EC0-301F-11D3-BF4B-00C04F79EFBC}") = "Exercise01", "Chapter04\演習問題\Exercise01\Exercise01.csproj", "{ABA13DCB-D5E2-4DED-832C-3AA397ED964C}"
EndProject
Project("{FAE04EC0-301F-11D3-BF4B-00C04F79EFBC}") = "Exercise02", "Chapter04\演習問題\Exercise02\Exercise02.csproj", "{C1D63E63-E64B-FCB7-4276-5EBCB0FEC291}"
EndProject
Project("{2150E333-8FDC-42A3-9474-1A3956D46DE8}") = "LINQ", "LINQ", "{691A7422-F0DC-45BB-A99E-B96DB7ED52FA}"
EndProject
Project("{FAE04EC0-301F-11D3-BF4B-00C04F79EFBC}") = "LinqSample", "LINQ\LinqSample\LinqSample.csproj", "{095BD783-4859-4FDC-AD28-17ECD5516379}"
EndProject
Project("{2150E333-8FDC-42A3-9474-1A3956D46DE8}") = "Chapter07", "Chapter07", "{F61A9789-71AB-488F-B18D-C798DA44EBD5}"
EndProject
Project("{2150E333-8FDC-42A3-9474-1A3956D46DE8}") = "演習問題", "演習問題", "{8A73B52F-0E77-4CEC-AE54-F94E2AF21917}"
EndProject
Project("{FAE04EC0-301F-11D3-BF4B-00C04F79EFBC}") = "Exercise01", "Chapter07\演習問題\Exercise01\Exercise01.csproj", "{22D1F3AC-E4F9-410D-BEA9-05E2BDD9E215}"
EndProject
Project("{FAE04EC0-301F-11D3-BF4B-00C04F79EFBC}") = "Section01", "Chapter07\Section01\Section01.csproj", "{CD79DF13-F612-4EE1-90F2-8A719E058C83}"
EndProject
Project("{FAE04EC0-301F-11D3-BF4B-00C04F79EFBC}") = "Section05", "Chapter07\Section05\Section05.csproj", "{3F4E6D17-D004-46B0-8ADA-415A93BFEBF8}"
EndProject
Project("{FAE04EC0-301F-11D3-BF4B-00C04F79EFBC}") = "Exercise02", "Chapter07\演習問題\Exercise02\Exercise02.csproj", "{3E764654-463A-4907-AECC-401A7FC0C8C6}"
EndProject
Project("{2150E333-8FDC-42A3-9474-1A3956D46DE8}") = "Chapter06", "Chapter06", "{AC3B4423-591F-496F-A1A7-3617401A8D3F}"
EndProject
Project("{2150E333-8FDC-42A3-9474-1A3956D46DE8}") = "演習問題", "演習問題", "{35F50C23-EBEE-453A-8A0F-A112388BF63C}"
EndProject
Project("{FAE04EC0-301F-11D3-BF4B-00C04F79EFBC}") = "Section01", "Chapter06\Section01\Section01.csproj", "{7B34514D-F55C-A5FE-D1EF-2AB834B91306}"
EndProject
Project("{FAE04EC0-301F-11D3-BF4B-00C04F79EFBC}") = "Exercise01", "Chapter06\演習問題\Exercise01\Exercise01.csproj", "{B5025803-550F-2718-0B4A-39867A675BF8}"
EndProject
Project("{FAE04EC0-301F-11D3-BF4B-00C04F79EFBC}") = "Exercise02", "Chapter06\演習問題\Exercise02\Exercise02.csproj", "{9605B4B8-0A34-BDE4-CFD2-F49073E3B9EF}"
EndProject
Project("{FAE04EC0-301F-11D3-BF4B-00C04F79EFBC}") = "Exercise03", "Chapter06\演習問題\Exercise03\Exercise03.csproj", "{766DC129-B7E6-6BE5-67FF-02794A6C9D6A}"
EndProject
Project("{FAE04EC0-301F-11D3-BF4B-00C04F79EFBC}") = "Exercise04", "Chapter06\演習問題\Exercise04\Exercise04.csproj", "{8758FBDB-9295-0DA5-31B6-DA01667F06FB}"
EndProject
Project("{FAE04EC0-301F-11D3-BF4B-00C04F79EFBC}") = "Section03", "Chapter06\Section03\Section03.csproj", "{9D888F9E-F1E9-D817-9103-5037E34D9814}"
EndProject
Project("{2150E333-8FDC-42A3-9474-1A3956D46DE8}") = "Chapter05", "Chapter05", "{9650AE62-DE88-4035-A1D2-C5B75F4E09E9}"
EndProject
Project("{2150E333-8FDC-42A3-9474-1A3956D46DE8}") = "演習問題", "演習問題", "{97B42F2F-3722-4C46-B0F2-DBD30D4FCCB4}"
EndProject
Project("{FAE04EC0-301F-11D3-BF4B-00C04F79EFBC}") = "Section01", "Chapter05\Section01\Section01.csproj", "{F7AC8F98-EECD-4E60-9F50-03BDCB381752}"
EndProject
Project("{FAE04EC0-301F-11D3-BF4B-00C04F79EFBC}") = "Section02", "Chapter05\Section02\Section02.csproj", "{E314E983-0624-44B6-83F5-95D1FD3B48F4}"
EndProject
Project("{FAE04EC0-301F-11D3-BF4B-00C04F79EFBC}") = "Exercise01", "Chapter05\演習問題\Exercise01\Exercise01.csproj", "{D2950EB8-D8BA-4ABC-B4D4-A76BD0A8DDD3}"
EndProject
Project("{FAE04EC0-301F-11D3-BF4B-00C04F79EFBC}") = "Exercise02", "Chapter05\演習問題\Exercise02\Exercise02.csproj", "{9F7082F3-1025-4A7D-97C8-13C12235CFC7}"
EndProject
Project("{2150E333-8FDC-42A3-9474-1A3956D46DE8}") = "Chapter08", "Chapter08", "{BF19A42D-0E19-4431-B639-8F5CD1F55FB3}"
EndProject
Project("{2150E333-8FDC-42A3-9474-1A3956D46DE8}") = "演習問題", "演習問題", "{6D0D1396-58A8-4C23-BC7C-5FB8A1C51782}"
EndProject
Project("{FAE04EC0-301F-11D3-BF4B-00C04F79EFBC}") = "Exercise01", "Chapter08\演習問題\Exercise01\Exercise01.csproj", "{2D5AC2BC-C97B-42C2-B72F-A72750BFAE64}"
EndProject
Project("{FAE04EC0-301F-11D3-BF4B-00C04F79EFBC}") = "PrefCapitalLocationSystem", "Chapter08\PrefCapitalLocationSystem\PrefCapitalLocationSystem.csproj", "{BA3B5C5E-D6A4-39ED-6760-036CDB62E249}"
EndProject
Project("{FAE04EC0-301F-11D3-BF4B-00C04F79EFBC}") = "Section03", "Chapter08\Section03\Section03.csproj", "{C5945B9D-CF6E-473D-8A6A-2BDEDAF3C941}"
EndProject
Project("{FAE04EC0-301F-11D3-BF4B-00C04F79EFBC}") = "Exercise02", "Chapter08\演習問題\Exercise02\Exercise02.csproj", "{652EDF5E-C9AD-4E34-9C74-3F8476317441}"
EndProject
Project("{2150E333-8FDC-42A3-9474-1A3956D46DE8}") = "Test01", "Test01", "{D3A1F0BE-E715-4FF3-A448-F9F1F9428BCA}"
EndProject
Project("{FAE04EC0-301F-11D3-BF4B-00C04F79EFBC}") = "Test01", "Test01\Test01\Test01.csproj", "{6EF7678A-A725-F430-3097-30F090C0100A}"
EndProject
Project("{FAE04EC0-301F-11D3-BF4B-00C04F79EFBC}") = "Test02", "Test01\Test02\Test02.csproj", "{010D0C11-D6A2-3CA6-3281-4E0FD547EC2D}"
EndProject
Project("{2150E333-8FDC-42A3-9474-1A3956D46DE8}") = "Chapter09", "Chapter09", "{4779B3EF-8582-46C5-AD46-CA768EB07AE9}"
EndProject
Project("{FAE04EC0-301F-11D3-BF4B-00C04F79EFBC}") = "Section01", "Chapter09\Section01\Section01.csproj", "{282E3726-5071-4376-AE4F-2FBAAFC98605}"
EndProject
Project("{2150E333-8FDC-42A3-9474-1A3956D46DE8}") = "演習問題", "演習問題", "{8951A7BE-3418-4D17-8913-613B36420FFB}"
EndProject
Project("{FAE04EC0-301F-11D3-BF4B-00C04F79EFBC}") = "Exercise01", "Chapter09\演習問題\Exercise01\Exercise01.csproj", "{3F9467E3-F099-4CC2-8E50-F50B403ABA30}"
EndProject
Project("{FAE04EC0-301F-11D3-BF4B-00C04F79EFBC}") = "Exercise02", "Chapter09\演習問題\Exercise02\Exercise02.csproj", "{52442FBF-AB1E-12BC-8344-0695887AC3CB}"
EndProject
Project("{FAE04EC0-301F-11D3-BF4B-00C04F79EFBC}") = "Exercise03", "Chapter09\演習問題\Exercise03\Exercise03.csproj", "{13EA441B-E72F-5CA2-D5D4-B3F52139D7CF}"
EndProject
Project("{FAE04EC0-301F-11D3-BF4B-00C04F79EFBC}") = "CarReportSystem", "FormApps\CarReportSystem\CarReportSystem.csproj", "{3CED09FE-B654-4E78-89F5-BD5215C4BCBC}"
EndProject
Project("{2150E333-8FDC-42A3-9474-1A3956D46DE8}") = "Chapter12", "Chapter12", "{9323ED5B-4258-479A-BDD4-E50AF0A34CE5}"
EndProject
Project("{2150E333-8FDC-42A3-9474-1A3956D46DE8}") = "演習問題", "演習問題", "{A2B51BDC-F6F7-4D61-9121-FAE567E7FC47}"
EndProject
Project("{FAE04EC0-301F-11D3-BF4B-00C04F79EFBC}") = "Section01", "Chapter12\Section01\Section01.csproj", "{4109F16C-CC0F-746C-BB8C-6083813C958C}"
EndProject
Project("{FAE04EC0-301F-11D3-BF4B-00C04F79EFBC}") = "Exercise01", "Chapter12\演習問題\Exercise01\Exercise01.csproj", "{E47CE22D-9021-4EC8-AA69-16799F6220CB}"
EndProject
Project("{FAE04EC0-301F-11D3-BF4B-00C04F79EFBC}") = "Exercise02", "Chapter12\演習問題\Exercise02\Exercise02.csproj", "{F01C3B69-9D05-4BEF-26EB-57BAD926097B}"
EndProject
Project("{FAE04EC0-301F-11D3-BF4B-00C04F79EFBC}") = "Exercise03", "Chapter12\演習問題\Exercise03\Exercise03.csproj", "{414DFFD5-4A0F-DD91-933A-D9585859A325}"
EndProject
Project("{FAE04EC0-301F-11D3-BF4B-00C04F79EFBC}") = "RssReader", "FormApps\RssReader\RssReader.csproj", "{EAF71797-F5FC-4D6B-8A1B-8215BD9A86AE}"
EndProject
Project("{2150E333-8FDC-42A3-9474-1A3956D46DE8}") = "Chapter11", "Chapter11", "{EF7F42F8-FED1-4B7D-A1EC-194BB7A9D978}"
EndProject
Project("{FAE04EC0-301F-11D3-BF4B-00C04F79EFBC}") = "Section02", "Chapter11\Section02\Section02.csproj", "{F716B90E-716C-496E-B3AE-798DDAC91EB8}"
EndProject
Project("{2150E333-8FDC-42A3-9474-1A3956D46DE8}") = "演習問題", "演習問題", "{7EB77BED-53CA-4643-9D61-9A1D44DE7736}"
EndProject
Project("{FAE04EC0-301F-11D3-BF4B-00C04F79EFBC}") = "Exercise01", "Chapter11\演習問題\Exercise01\Exercise01.csproj", "{D4BC0068-2305-4AE8-8FC5-5F9018B8D1FA}"
EndProject
Project("{FAE04EC0-301F-11D3-BF4B-00C04F79EFBC}") = "Exercise02", "Chapter11\演習問題\Exercise02\Exercise02.csproj", "{3D445BFC-4856-4114-B6C6-5EE147DAF918}"
EndProject
Project("{FAE04EC0-301F-11D3-BF4B-00C04F79EFBC}") = "Section03", "Chapter11\Section03\Section03.csproj", "{1B9C4995-076E-414E-9F52-2AF06CE1BE60}"
EndProject
Project("{FAE04EC0-301F-11D3-BF4B-00C04F79EFBC}") = "Exercise03", "Chapter11\演習問題\Exercise03\Exercise03.csproj", "{69EFE82C-F7A1-4C07-8EDB-A5A172593905}"
EndProject
Project("{FAE04EC0-301F-11D3-BF4B-00C04F79EFBC}") = "Section04", "Chapter11\Section04\Section04.csproj", "{6EC9E8FC-5323-4F97-B61B-332786D853CC}"
EndProject
Project("{FAE04EC0-301F-11D3-BF4B-00C04F79EFBC}") = "Exercise04", "Chapter11\演習問題\Exercise04\Exercise04.csproj", "{65AA9296-2E06-4D45-8142-7EA8983B6A29}"
EndProject
Project("{FAE04EC0-301F-11D3-BF4B-00C04F79EFBC}") = "Exercise05", "Chapter11\演習問題\Exercise05\Exercise05.csproj", "{78A58970-0E73-4613-8B79-65E0CB0BA0D1}"
EndProject
Project("{2150E333-8FDC-42A3-9474-1A3956D46DE8}") = "WPF", "WPF", "{9CAA1C34-6D42-4EF0-A158-78C38289BFCD}"
EndProject
Project("{FAE04EC0-301F-11D3-BF4B-00C04F79EFBC}") = "SampleApplication", "WPF\SampleApplication\SampleApplication.csproj", "{3296F18F-99A1-496B-8520-42CDF1C04B6E}"
EndProject
Project("{FAE04EC0-301F-11D3-BF4B-00C04F79EFBC}") = "SampleSlider", "WPF\SampleSlider\SampleSlider.csproj", "{C8484440-65B4-4627-9AC8-7230A55578FA}"
EndProject
Project("{FAE04EC0-301F-11D3-BF4B-00C04F79EFBC}") = "ColorChecker", "WPF\ColorChecker\ColorChecker.csproj", "{6D519948-EEFE-4442-8362-A75EF738DE9B}"
EndProject
Project("{FAE04EC0-301F-11D3-BF4B-00C04F79EFBC}") = "ConverterApp", "WPF\ConverterApp\ConverterApp.csproj", "{13EF6CCE-EC4B-454F-807A-A1F5FD6DA9A4}"
EndProject
Project("{FAE04EC0-301F-11D3-BF4B-00C04F79EFBC}") = "HelloWorld", "WPF\HelloWorld\HelloWorld.csproj", "{E02FDF5D-34AD-4170-BB4F-9161D9E7E6B0}"
EndProject
Project("{FAE04EC0-301F-11D3-BF4B-00C04F79EFBC}") = "PrismObservesSample", "WPF\PrismObservesSample\PrismObservesSample.csproj", "{8B7E62EC-F347-460F-8CCE-EE61726F24F8}"
EndProject
Project("{FAE04EC0-301F-11D3-BF4B-00C04F79EFBC}") = "SampleUnitConverter", "WPF\SampleUnitConverter\SampleUnitConverter.csproj", "{B58EDEB3-D72E-4574-B43C-E1D77E9429D3}"
EndProject
Project("{2150E333-8FDC-42A3-9474-1A3956D46DE8}") = "SQLite", "SQLite", "{D306EB65-A865-45C5-96F7-9053ACDEA6E0}"
EndProject
Project("{FAE04EC0-301F-11D3-BF4B-00C04F79EFBC}") = "Sample", "SQLite\Sample\Sample.csproj", "{0FF2E7E7-2871-4D83-AC68-236F43255A59}"
EndProject
Project("{FAE04EC0-301F-11D3-BF4B-00C04F79EFBC}") = "CustomerApp", "SQLite\CustomerApp\CustomerApp.csproj", "{9786CA96-DF95-4786-A39D-7293D3A859E6}"
EndProject
Project("{2150E333-8FDC-42A3-9474-1A3956D46DE8}") = "Chapter13", "Chapter13", "{3FDF2120-B55A-4DD9-A8D2-0C8D8788A9CB}"
EndProject
Project("{FAE04EC0-301F-11D3-BF4B-00C04F79EFBC}") = "Section01", "Chapter13\Section01\Section01.csproj", "{6C9132D6-2069-47C1-94A7-AF8CF4DC1C97}"
EndProject
Project("{2150E333-8FDC-42A3-9474-1A3956D46DE8}") = "演習問題", "演習問題", "{2248E587-7CBA-4B68-A48E-60DD2CA09C08}"
EndProject
Project("{FAE04EC0-301F-11D3-BF4B-00C04F79EFBC}") = "Exercise01", "Chapter13\演習問題\Exercise01\Exercise01.csproj", "{4798BDAF-7200-4E08-AF12-EB0798A195C3}"
EndProject
Project("{2150E333-8FDC-42A3-9474-1A3956D46DE8}") = "Chapter14", "Chapter14", "{1B124497-39BD-456E-B508-4CBEBCCAC3DF}"
EndProject
Project("{FAE04EC0-301F-11D3-BF4B-00C04F79EFBC}") = "Section03", "Chapter14\Section03\Section03.csproj", "{5EE48F0B-2549-45F8-980C-F8D7D80737ED}"
EndProject
Project("{2150E333-8FDC-42A3-9474-1A3956D46DE8}") = "演習問題", "演習問題", "{4EC6DB6E-9537-4AF2-9068-E64C4C6AC80F}"
EndProject
Project("{FAE04EC0-301F-11D3-BF4B-00C04F79EFBC}") = "Exercise01_WPF", "Chapter14\演習問題\Exercise1\Exercise01_WPF.csproj", "{F683725F-B040-46A7-93E7-761410EB93DB}"
EndProject
Project("{FAE04EC0-301F-11D3-BF4B-00C04F79EFBC}") = "Section04", "Chapter14\Section04\Section04.csproj", "{41E0EE34-172E-480A-BCE4-70DE19A0314F}"
EndProject
Project("{FAE04EC0-301F-11D3-BF4B-00C04F79EFBC}") = "WebBrowser", "Chapter14\WebBrowser\WebBrowser.csproj", "{3B162668-021F-466B-BBD0-DEABB7DCC3AB}"
EndProject
Project("{FAE04EC0-301F-11D3-BF4B-00C04F79EFBC}") = "Section05", "Chapter14\Section05\Section05.csproj", "{387A7C35-0A27-4741-8873-BEA1766A3A03}"
EndProject
Project("{2150E333-8FDC-42A3-9474-1A3956D46DE8}") = "Chapter10", "Chapter10", "{9CE407B5-3B0C-4B33-AE17-4ECCADE89748}"
EndProject
Project("{FAE04EC0-301F-11D3-BF4B-00C04F79EFBC}") = "Section01", "Chapter10\Section01\Section01.csproj", "{F9263EB7-F021-42A3-BCD9-4DEAF8719C9E}"
EndProject
Project("{FAE04EC0-301F-11D3-BF4B-00C04F79EFBC}") = "Section02", "Chapter10\Section02\Section02.csproj", "{52B9694E-9C9F-47B2-9E51-11AE6184A12C}"
EndProject
Project("{2150E333-8FDC-42A3-9474-1A3956D46DE8}") = "演習問題", "演習問題", "{1428D53E-7CBC-4F42-88D0-5AF2D8160C69}"
EndProject
Project("{FAE04EC0-301F-11D3-BF4B-00C04F79EFBC}") = "Exercise01", "Chapter10\演習問題\Exercise01\Exercise01.csproj", "{3D4C6C23-3195-4448-BB2B-29F187021356}"
EndProject
Project("{FAE04EC0-301F-11D3-BF4B-00C04F79EFBC}") = "Exercise02", "Chapter10\演習問題\Exercise02\Exercise02.csproj", "{D51592EE-B682-42B9-9A2C-445C5A5FD54E}"
EndProject
Project("{FAE04EC0-301F-11D3-BF4B-00C04F79EFBC}") = "Exercise03", "Chapter10\演習問題\Exercise03\Exercise03.csproj", "{72C49489-4143-4360-873A-9145A11CFA86}"
EndProject
Project("{FAE04EC0-301F-11D3-BF4B-00C04F79EFBC}") = "Exercise04", "Chapter10\演習問題\Exercise04\Exercise04.csproj", "{B94D1CD5-D133-4A3C-B604-9FE34A973FA7}"
EndProject
Project("{2150E333-8FDC-42A3-9474-1A3956D46DE8}") = "Chapter15", "Chapter15", "{793622D9-0272-44DE-B10E-E7C55DF5684B}"
EndProject
Project("{FAE04EC0-301F-11D3-BF4B-00C04F79EFBC}") = "Section01", "Chapter15\Section01\Section01.csproj", "{0BD1C3A9-7CA6-4072-90C0-2BAA3CFC9755}"
EndProject
Project("{2150E333-8FDC-42A3-9474-1A3956D46DE8}") = "TemplateMethod", "TemplateMethod", "{9D80B17F-0F9C-4A4D-A4FB-F454B5AEC5CB}"
EndProject
Project("{FAE04EC0-301F-11D3-BF4B-00C04F79EFBC}") = "TextFileProcessor", "Chapter15\TemplateMethod\TextFileProcessor\TextFileProcessor.csproj", "{A80E0096-F99E-42BF-BEDE-FCF758DD7D2E}"
EndProject
Global
	GlobalSection(SolutionConfigurationPlatforms) = preSolution
		Debug|Any CPU = Debug|Any CPU
		Release|Any CPU = Release|Any CPU
	EndGlobalSection
	GlobalSection(ProjectConfigurationPlatforms) = postSolution
		{96C91DA9-8A85-4592-8DE7-D65BC18F1161}.Debug|Any CPU.ActiveCfg = Debug|Any CPU
		{96C91DA9-8A85-4592-8DE7-D65BC18F1161}.Debug|Any CPU.Build.0 = Debug|Any CPU
		{96C91DA9-8A85-4592-8DE7-D65BC18F1161}.Release|Any CPU.ActiveCfg = Release|Any CPU
		{96C91DA9-8A85-4592-8DE7-D65BC18F1161}.Release|Any CPU.Build.0 = Release|Any CPU
		{FFE8FE4C-9C0E-4A2E-93BC-BCF10EA544B1}.Debug|Any CPU.ActiveCfg = Debug|Any CPU
		{FFE8FE4C-9C0E-4A2E-93BC-BCF10EA544B1}.Debug|Any CPU.Build.0 = Debug|Any CPU
		{FFE8FE4C-9C0E-4A2E-93BC-BCF10EA544B1}.Release|Any CPU.ActiveCfg = Release|Any CPU
		{FFE8FE4C-9C0E-4A2E-93BC-BCF10EA544B1}.Release|Any CPU.Build.0 = Release|Any CPU
		{FC6BE27A-B6AC-457F-B8B7-841732F7E2CE}.Debug|Any CPU.ActiveCfg = Debug|Any CPU
		{FC6BE27A-B6AC-457F-B8B7-841732F7E2CE}.Debug|Any CPU.Build.0 = Debug|Any CPU
		{FC6BE27A-B6AC-457F-B8B7-841732F7E2CE}.Release|Any CPU.ActiveCfg = Release|Any CPU
		{FC6BE27A-B6AC-457F-B8B7-841732F7E2CE}.Release|Any CPU.Build.0 = Release|Any CPU
		{E7DDD714-C311-48AD-B5CC-6CB5FBB58496}.Debug|Any CPU.ActiveCfg = Debug|Any CPU
		{E7DDD714-C311-48AD-B5CC-6CB5FBB58496}.Debug|Any CPU.Build.0 = Debug|Any CPU
		{E7DDD714-C311-48AD-B5CC-6CB5FBB58496}.Release|Any CPU.ActiveCfg = Release|Any CPU
		{E7DDD714-C311-48AD-B5CC-6CB5FBB58496}.Release|Any CPU.Build.0 = Release|Any CPU
		{DB339D28-5C46-4EF3-A3BB-456FD48647AD}.Debug|Any CPU.ActiveCfg = Debug|Any CPU
		{DB339D28-5C46-4EF3-A3BB-456FD48647AD}.Debug|Any CPU.Build.0 = Debug|Any CPU
		{DB339D28-5C46-4EF3-A3BB-456FD48647AD}.Release|Any CPU.ActiveCfg = Release|Any CPU
		{DB339D28-5C46-4EF3-A3BB-456FD48647AD}.Release|Any CPU.Build.0 = Release|Any CPU
		{6E6F95D4-6CAC-474B-AF2F-8FAE1DB82E80}.Debug|Any CPU.ActiveCfg = Debug|Any CPU
		{6E6F95D4-6CAC-474B-AF2F-8FAE1DB82E80}.Debug|Any CPU.Build.0 = Debug|Any CPU
		{6E6F95D4-6CAC-474B-AF2F-8FAE1DB82E80}.Release|Any CPU.ActiveCfg = Release|Any CPU
		{6E6F95D4-6CAC-474B-AF2F-8FAE1DB82E80}.Release|Any CPU.Build.0 = Release|Any CPU
		{C873F348-3CA4-495F-AB57-B01E30EA4112}.Debug|Any CPU.ActiveCfg = Debug|Any CPU
		{C873F348-3CA4-495F-AB57-B01E30EA4112}.Debug|Any CPU.Build.0 = Debug|Any CPU
		{C873F348-3CA4-495F-AB57-B01E30EA4112}.Release|Any CPU.ActiveCfg = Release|Any CPU
		{C873F348-3CA4-495F-AB57-B01E30EA4112}.Release|Any CPU.Build.0 = Release|Any CPU
		{67CF22F4-2C54-4172-ABE4-C0BF3B06DB1D}.Debug|Any CPU.ActiveCfg = Debug|Any CPU
		{67CF22F4-2C54-4172-ABE4-C0BF3B06DB1D}.Debug|Any CPU.Build.0 = Debug|Any CPU
		{67CF22F4-2C54-4172-ABE4-C0BF3B06DB1D}.Release|Any CPU.ActiveCfg = Release|Any CPU
		{67CF22F4-2C54-4172-ABE4-C0BF3B06DB1D}.Release|Any CPU.Build.0 = Release|Any CPU
		{C98A200A-E54E-4E6F-933F-83D2DD617E4E}.Debug|Any CPU.ActiveCfg = Debug|Any CPU
		{C98A200A-E54E-4E6F-933F-83D2DD617E4E}.Debug|Any CPU.Build.0 = Debug|Any CPU
		{C98A200A-E54E-4E6F-933F-83D2DD617E4E}.Release|Any CPU.ActiveCfg = Release|Any CPU
		{C98A200A-E54E-4E6F-933F-83D2DD617E4E}.Release|Any CPU.Build.0 = Release|Any CPU
		{573EDFBF-EF65-4775-91DE-C38F59313CD5}.Debug|Any CPU.ActiveCfg = Debug|Any CPU
		{573EDFBF-EF65-4775-91DE-C38F59313CD5}.Debug|Any CPU.Build.0 = Debug|Any CPU
		{573EDFBF-EF65-4775-91DE-C38F59313CD5}.Release|Any CPU.ActiveCfg = Release|Any CPU
		{573EDFBF-EF65-4775-91DE-C38F59313CD5}.Release|Any CPU.Build.0 = Release|Any CPU
		{212CF20C-7327-4C4A-A1C7-0143E8BEE976}.Debug|Any CPU.ActiveCfg = Debug|Any CPU
		{212CF20C-7327-4C4A-A1C7-0143E8BEE976}.Debug|Any CPU.Build.0 = Debug|Any CPU
		{212CF20C-7327-4C4A-A1C7-0143E8BEE976}.Release|Any CPU.ActiveCfg = Release|Any CPU
		{212CF20C-7327-4C4A-A1C7-0143E8BEE976}.Release|Any CPU.Build.0 = Release|Any CPU
		{1257F68E-480C-4746-8B09-85E92221A7C5}.Debug|Any CPU.ActiveCfg = Debug|Any CPU
		{1257F68E-480C-4746-8B09-85E92221A7C5}.Debug|Any CPU.Build.0 = Debug|Any CPU
		{1257F68E-480C-4746-8B09-85E92221A7C5}.Release|Any CPU.ActiveCfg = Release|Any CPU
		{1257F68E-480C-4746-8B09-85E92221A7C5}.Release|Any CPU.Build.0 = Release|Any CPU
		{ABA13DCB-D5E2-4DED-832C-3AA397ED964C}.Debug|Any CPU.ActiveCfg = Debug|Any CPU
		{ABA13DCB-D5E2-4DED-832C-3AA397ED964C}.Debug|Any CPU.Build.0 = Debug|Any CPU
		{ABA13DCB-D5E2-4DED-832C-3AA397ED964C}.Release|Any CPU.ActiveCfg = Release|Any CPU
		{ABA13DCB-D5E2-4DED-832C-3AA397ED964C}.Release|Any CPU.Build.0 = Release|Any CPU
		{C1D63E63-E64B-FCB7-4276-5EBCB0FEC291}.Debug|Any CPU.ActiveCfg = Debug|Any CPU
		{C1D63E63-E64B-FCB7-4276-5EBCB0FEC291}.Debug|Any CPU.Build.0 = Debug|Any CPU
		{C1D63E63-E64B-FCB7-4276-5EBCB0FEC291}.Release|Any CPU.ActiveCfg = Release|Any CPU
		{C1D63E63-E64B-FCB7-4276-5EBCB0FEC291}.Release|Any CPU.Build.0 = Release|Any CPU
		{095BD783-4859-4FDC-AD28-17ECD5516379}.Debug|Any CPU.ActiveCfg = Debug|Any CPU
		{095BD783-4859-4FDC-AD28-17ECD5516379}.Debug|Any CPU.Build.0 = Debug|Any CPU
		{095BD783-4859-4FDC-AD28-17ECD5516379}.Release|Any CPU.ActiveCfg = Release|Any CPU
		{095BD783-4859-4FDC-AD28-17ECD5516379}.Release|Any CPU.Build.0 = Release|Any CPU
		{22D1F3AC-E4F9-410D-BEA9-05E2BDD9E215}.Debug|Any CPU.ActiveCfg = Debug|Any CPU
		{22D1F3AC-E4F9-410D-BEA9-05E2BDD9E215}.Debug|Any CPU.Build.0 = Debug|Any CPU
		{22D1F3AC-E4F9-410D-BEA9-05E2BDD9E215}.Release|Any CPU.ActiveCfg = Release|Any CPU
		{22D1F3AC-E4F9-410D-BEA9-05E2BDD9E215}.Release|Any CPU.Build.0 = Release|Any CPU
		{CD79DF13-F612-4EE1-90F2-8A719E058C83}.Debug|Any CPU.ActiveCfg = Debug|Any CPU
		{CD79DF13-F612-4EE1-90F2-8A719E058C83}.Debug|Any CPU.Build.0 = Debug|Any CPU
		{CD79DF13-F612-4EE1-90F2-8A719E058C83}.Release|Any CPU.ActiveCfg = Release|Any CPU
		{CD79DF13-F612-4EE1-90F2-8A719E058C83}.Release|Any CPU.Build.0 = Release|Any CPU
		{3F4E6D17-D004-46B0-8ADA-415A93BFEBF8}.Debug|Any CPU.ActiveCfg = Debug|Any CPU
		{3F4E6D17-D004-46B0-8ADA-415A93BFEBF8}.Debug|Any CPU.Build.0 = Debug|Any CPU
		{3F4E6D17-D004-46B0-8ADA-415A93BFEBF8}.Release|Any CPU.ActiveCfg = Release|Any CPU
		{3F4E6D17-D004-46B0-8ADA-415A93BFEBF8}.Release|Any CPU.Build.0 = Release|Any CPU
		{3E764654-463A-4907-AECC-401A7FC0C8C6}.Debug|Any CPU.ActiveCfg = Debug|Any CPU
		{3E764654-463A-4907-AECC-401A7FC0C8C6}.Debug|Any CPU.Build.0 = Debug|Any CPU
		{3E764654-463A-4907-AECC-401A7FC0C8C6}.Release|Any CPU.ActiveCfg = Release|Any CPU
		{3E764654-463A-4907-AECC-401A7FC0C8C6}.Release|Any CPU.Build.0 = Release|Any CPU
		{7B34514D-F55C-A5FE-D1EF-2AB834B91306}.Debug|Any CPU.ActiveCfg = Debug|Any CPU
		{7B34514D-F55C-A5FE-D1EF-2AB834B91306}.Debug|Any CPU.Build.0 = Debug|Any CPU
		{7B34514D-F55C-A5FE-D1EF-2AB834B91306}.Release|Any CPU.ActiveCfg = Release|Any CPU
		{7B34514D-F55C-A5FE-D1EF-2AB834B91306}.Release|Any CPU.Build.0 = Release|Any CPU
		{B5025803-550F-2718-0B4A-39867A675BF8}.Debug|Any CPU.ActiveCfg = Debug|Any CPU
		{B5025803-550F-2718-0B4A-39867A675BF8}.Debug|Any CPU.Build.0 = Debug|Any CPU
		{B5025803-550F-2718-0B4A-39867A675BF8}.Release|Any CPU.ActiveCfg = Release|Any CPU
		{B5025803-550F-2718-0B4A-39867A675BF8}.Release|Any CPU.Build.0 = Release|Any CPU
		{9605B4B8-0A34-BDE4-CFD2-F49073E3B9EF}.Debug|Any CPU.ActiveCfg = Debug|Any CPU
		{9605B4B8-0A34-BDE4-CFD2-F49073E3B9EF}.Debug|Any CPU.Build.0 = Debug|Any CPU
		{9605B4B8-0A34-BDE4-CFD2-F49073E3B9EF}.Release|Any CPU.ActiveCfg = Release|Any CPU
		{9605B4B8-0A34-BDE4-CFD2-F49073E3B9EF}.Release|Any CPU.Build.0 = Release|Any CPU
		{766DC129-B7E6-6BE5-67FF-02794A6C9D6A}.Debug|Any CPU.ActiveCfg = Debug|Any CPU
		{766DC129-B7E6-6BE5-67FF-02794A6C9D6A}.Debug|Any CPU.Build.0 = Debug|Any CPU
		{766DC129-B7E6-6BE5-67FF-02794A6C9D6A}.Release|Any CPU.ActiveCfg = Release|Any CPU
		{766DC129-B7E6-6BE5-67FF-02794A6C9D6A}.Release|Any CPU.Build.0 = Release|Any CPU
		{8758FBDB-9295-0DA5-31B6-DA01667F06FB}.Debug|Any CPU.ActiveCfg = Debug|Any CPU
		{8758FBDB-9295-0DA5-31B6-DA01667F06FB}.Debug|Any CPU.Build.0 = Debug|Any CPU
		{8758FBDB-9295-0DA5-31B6-DA01667F06FB}.Release|Any CPU.ActiveCfg = Release|Any CPU
		{8758FBDB-9295-0DA5-31B6-DA01667F06FB}.Release|Any CPU.Build.0 = Release|Any CPU
		{9D888F9E-F1E9-D817-9103-5037E34D9814}.Debug|Any CPU.ActiveCfg = Debug|Any CPU
		{9D888F9E-F1E9-D817-9103-5037E34D9814}.Debug|Any CPU.Build.0 = Debug|Any CPU
		{9D888F9E-F1E9-D817-9103-5037E34D9814}.Release|Any CPU.ActiveCfg = Release|Any CPU
		{9D888F9E-F1E9-D817-9103-5037E34D9814}.Release|Any CPU.Build.0 = Release|Any CPU
		{F7AC8F98-EECD-4E60-9F50-03BDCB381752}.Debug|Any CPU.ActiveCfg = Debug|Any CPU
		{F7AC8F98-EECD-4E60-9F50-03BDCB381752}.Debug|Any CPU.Build.0 = Debug|Any CPU
		{F7AC8F98-EECD-4E60-9F50-03BDCB381752}.Release|Any CPU.ActiveCfg = Release|Any CPU
		{F7AC8F98-EECD-4E60-9F50-03BDCB381752}.Release|Any CPU.Build.0 = Release|Any CPU
		{E314E983-0624-44B6-83F5-95D1FD3B48F4}.Debug|Any CPU.ActiveCfg = Debug|Any CPU
		{E314E983-0624-44B6-83F5-95D1FD3B48F4}.Debug|Any CPU.Build.0 = Debug|Any CPU
		{E314E983-0624-44B6-83F5-95D1FD3B48F4}.Release|Any CPU.ActiveCfg = Release|Any CPU
		{E314E983-0624-44B6-83F5-95D1FD3B48F4}.Release|Any CPU.Build.0 = Release|Any CPU
		{D2950EB8-D8BA-4ABC-B4D4-A76BD0A8DDD3}.Debug|Any CPU.ActiveCfg = Debug|Any CPU
		{D2950EB8-D8BA-4ABC-B4D4-A76BD0A8DDD3}.Debug|Any CPU.Build.0 = Debug|Any CPU
		{D2950EB8-D8BA-4ABC-B4D4-A76BD0A8DDD3}.Release|Any CPU.ActiveCfg = Release|Any CPU
		{D2950EB8-D8BA-4ABC-B4D4-A76BD0A8DDD3}.Release|Any CPU.Build.0 = Release|Any CPU
		{9F7082F3-1025-4A7D-97C8-13C12235CFC7}.Debug|Any CPU.ActiveCfg = Debug|Any CPU
		{9F7082F3-1025-4A7D-97C8-13C12235CFC7}.Debug|Any CPU.Build.0 = Debug|Any CPU
		{9F7082F3-1025-4A7D-97C8-13C12235CFC7}.Release|Any CPU.ActiveCfg = Release|Any CPU
		{9F7082F3-1025-4A7D-97C8-13C12235CFC7}.Release|Any CPU.Build.0 = Release|Any CPU
		{2D5AC2BC-C97B-42C2-B72F-A72750BFAE64}.Debug|Any CPU.ActiveCfg = Debug|Any CPU
		{2D5AC2BC-C97B-42C2-B72F-A72750BFAE64}.Debug|Any CPU.Build.0 = Debug|Any CPU
		{2D5AC2BC-C97B-42C2-B72F-A72750BFAE64}.Release|Any CPU.ActiveCfg = Release|Any CPU
		{2D5AC2BC-C97B-42C2-B72F-A72750BFAE64}.Release|Any CPU.Build.0 = Release|Any CPU
		{BA3B5C5E-D6A4-39ED-6760-036CDB62E249}.Debug|Any CPU.ActiveCfg = Debug|Any CPU
		{BA3B5C5E-D6A4-39ED-6760-036CDB62E249}.Debug|Any CPU.Build.0 = Debug|Any CPU
		{BA3B5C5E-D6A4-39ED-6760-036CDB62E249}.Release|Any CPU.ActiveCfg = Release|Any CPU
		{BA3B5C5E-D6A4-39ED-6760-036CDB62E249}.Release|Any CPU.Build.0 = Release|Any CPU
		{C5945B9D-CF6E-473D-8A6A-2BDEDAF3C941}.Debug|Any CPU.ActiveCfg = Debug|Any CPU
		{C5945B9D-CF6E-473D-8A6A-2BDEDAF3C941}.Debug|Any CPU.Build.0 = Debug|Any CPU
		{C5945B9D-CF6E-473D-8A6A-2BDEDAF3C941}.Release|Any CPU.ActiveCfg = Release|Any CPU
		{C5945B9D-CF6E-473D-8A6A-2BDEDAF3C941}.Release|Any CPU.Build.0 = Release|Any CPU
		{652EDF5E-C9AD-4E34-9C74-3F8476317441}.Debug|Any CPU.ActiveCfg = Debug|Any CPU
		{652EDF5E-C9AD-4E34-9C74-3F8476317441}.Debug|Any CPU.Build.0 = Debug|Any CPU
		{652EDF5E-C9AD-4E34-9C74-3F8476317441}.Release|Any CPU.ActiveCfg = Release|Any CPU
		{652EDF5E-C9AD-4E34-9C74-3F8476317441}.Release|Any CPU.Build.0 = Release|Any CPU
		{6EF7678A-A725-F430-3097-30F090C0100A}.Debug|Any CPU.ActiveCfg = Debug|Any CPU
		{6EF7678A-A725-F430-3097-30F090C0100A}.Debug|Any CPU.Build.0 = Debug|Any CPU
		{6EF7678A-A725-F430-3097-30F090C0100A}.Release|Any CPU.ActiveCfg = Release|Any CPU
		{6EF7678A-A725-F430-3097-30F090C0100A}.Release|Any CPU.Build.0 = Release|Any CPU
		{010D0C11-D6A2-3CA6-3281-4E0FD547EC2D}.Debug|Any CPU.ActiveCfg = Debug|Any CPU
		{010D0C11-D6A2-3CA6-3281-4E0FD547EC2D}.Debug|Any CPU.Build.0 = Debug|Any CPU
		{010D0C11-D6A2-3CA6-3281-4E0FD547EC2D}.Release|Any CPU.ActiveCfg = Release|Any CPU
		{010D0C11-D6A2-3CA6-3281-4E0FD547EC2D}.Release|Any CPU.Build.0 = Release|Any CPU
		{282E3726-5071-4376-AE4F-2FBAAFC98605}.Debug|Any CPU.ActiveCfg = Debug|Any CPU
		{282E3726-5071-4376-AE4F-2FBAAFC98605}.Debug|Any CPU.Build.0 = Debug|Any CPU
		{282E3726-5071-4376-AE4F-2FBAAFC98605}.Release|Any CPU.ActiveCfg = Release|Any CPU
		{282E3726-5071-4376-AE4F-2FBAAFC98605}.Release|Any CPU.Build.0 = Release|Any CPU
		{3F9467E3-F099-4CC2-8E50-F50B403ABA30}.Debug|Any CPU.ActiveCfg = Debug|Any CPU
		{3F9467E3-F099-4CC2-8E50-F50B403ABA30}.Debug|Any CPU.Build.0 = Debug|Any CPU
		{3F9467E3-F099-4CC2-8E50-F50B403ABA30}.Release|Any CPU.ActiveCfg = Release|Any CPU
		{3F9467E3-F099-4CC2-8E50-F50B403ABA30}.Release|Any CPU.Build.0 = Release|Any CPU
		{52442FBF-AB1E-12BC-8344-0695887AC3CB}.Debug|Any CPU.ActiveCfg = Debug|Any CPU
		{52442FBF-AB1E-12BC-8344-0695887AC3CB}.Debug|Any CPU.Build.0 = Debug|Any CPU
		{52442FBF-AB1E-12BC-8344-0695887AC3CB}.Release|Any CPU.ActiveCfg = Release|Any CPU
		{52442FBF-AB1E-12BC-8344-0695887AC3CB}.Release|Any CPU.Build.0 = Release|Any CPU
		{13EA441B-E72F-5CA2-D5D4-B3F52139D7CF}.Debug|Any CPU.ActiveCfg = Debug|Any CPU
		{13EA441B-E72F-5CA2-D5D4-B3F52139D7CF}.Debug|Any CPU.Build.0 = Debug|Any CPU
		{13EA441B-E72F-5CA2-D5D4-B3F52139D7CF}.Release|Any CPU.ActiveCfg = Release|Any CPU
		{13EA441B-E72F-5CA2-D5D4-B3F52139D7CF}.Release|Any CPU.Build.0 = Release|Any CPU
		{3CED09FE-B654-4E78-89F5-BD5215C4BCBC}.Debug|Any CPU.ActiveCfg = Debug|Any CPU
		{3CED09FE-B654-4E78-89F5-BD5215C4BCBC}.Debug|Any CPU.Build.0 = Debug|Any CPU
		{3CED09FE-B654-4E78-89F5-BD5215C4BCBC}.Release|Any CPU.ActiveCfg = Release|Any CPU
		{3CED09FE-B654-4E78-89F5-BD5215C4BCBC}.Release|Any CPU.Build.0 = Release|Any CPU
		{4109F16C-CC0F-746C-BB8C-6083813C958C}.Debug|Any CPU.ActiveCfg = Debug|Any CPU
		{4109F16C-CC0F-746C-BB8C-6083813C958C}.Debug|Any CPU.Build.0 = Debug|Any CPU
		{4109F16C-CC0F-746C-BB8C-6083813C958C}.Release|Any CPU.ActiveCfg = Release|Any CPU
		{4109F16C-CC0F-746C-BB8C-6083813C958C}.Release|Any CPU.Build.0 = Release|Any CPU
		{E47CE22D-9021-4EC8-AA69-16799F6220CB}.Debug|Any CPU.ActiveCfg = Debug|Any CPU
		{E47CE22D-9021-4EC8-AA69-16799F6220CB}.Debug|Any CPU.Build.0 = Debug|Any CPU
		{E47CE22D-9021-4EC8-AA69-16799F6220CB}.Release|Any CPU.ActiveCfg = Release|Any CPU
		{E47CE22D-9021-4EC8-AA69-16799F6220CB}.Release|Any CPU.Build.0 = Release|Any CPU
		{F01C3B69-9D05-4BEF-26EB-57BAD926097B}.Debug|Any CPU.ActiveCfg = Debug|Any CPU
		{F01C3B69-9D05-4BEF-26EB-57BAD926097B}.Debug|Any CPU.Build.0 = Debug|Any CPU
		{F01C3B69-9D05-4BEF-26EB-57BAD926097B}.Release|Any CPU.ActiveCfg = Release|Any CPU
		{F01C3B69-9D05-4BEF-26EB-57BAD926097B}.Release|Any CPU.Build.0 = Release|Any CPU
		{414DFFD5-4A0F-DD91-933A-D9585859A325}.Debug|Any CPU.ActiveCfg = Debug|Any CPU
		{414DFFD5-4A0F-DD91-933A-D9585859A325}.Debug|Any CPU.Build.0 = Debug|Any CPU
		{414DFFD5-4A0F-DD91-933A-D9585859A325}.Release|Any CPU.ActiveCfg = Release|Any CPU
		{414DFFD5-4A0F-DD91-933A-D9585859A325}.Release|Any CPU.Build.0 = Release|Any CPU
		{EAF71797-F5FC-4D6B-8A1B-8215BD9A86AE}.Debug|Any CPU.ActiveCfg = Debug|Any CPU
		{EAF71797-F5FC-4D6B-8A1B-8215BD9A86AE}.Debug|Any CPU.Build.0 = Debug|Any CPU
		{EAF71797-F5FC-4D6B-8A1B-8215BD9A86AE}.Release|Any CPU.ActiveCfg = Release|Any CPU
		{EAF71797-F5FC-4D6B-8A1B-8215BD9A86AE}.Release|Any CPU.Build.0 = Release|Any CPU
		{F716B90E-716C-496E-B3AE-798DDAC91EB8}.Debug|Any CPU.ActiveCfg = Debug|Any CPU
		{F716B90E-716C-496E-B3AE-798DDAC91EB8}.Debug|Any CPU.Build.0 = Debug|Any CPU
		{F716B90E-716C-496E-B3AE-798DDAC91EB8}.Release|Any CPU.ActiveCfg = Release|Any CPU
		{F716B90E-716C-496E-B3AE-798DDAC91EB8}.Release|Any CPU.Build.0 = Release|Any CPU
		{D4BC0068-2305-4AE8-8FC5-5F9018B8D1FA}.Debug|Any CPU.ActiveCfg = Debug|Any CPU
		{D4BC0068-2305-4AE8-8FC5-5F9018B8D1FA}.Debug|Any CPU.Build.0 = Debug|Any CPU
		{D4BC0068-2305-4AE8-8FC5-5F9018B8D1FA}.Release|Any CPU.ActiveCfg = Release|Any CPU
		{D4BC0068-2305-4AE8-8FC5-5F9018B8D1FA}.Release|Any CPU.Build.0 = Release|Any CPU
		{3D445BFC-4856-4114-B6C6-5EE147DAF918}.Debug|Any CPU.ActiveCfg = Debug|Any CPU
		{3D445BFC-4856-4114-B6C6-5EE147DAF918}.Debug|Any CPU.Build.0 = Debug|Any CPU
		{3D445BFC-4856-4114-B6C6-5EE147DAF918}.Release|Any CPU.ActiveCfg = Release|Any CPU
		{3D445BFC-4856-4114-B6C6-5EE147DAF918}.Release|Any CPU.Build.0 = Release|Any CPU
		{1B9C4995-076E-414E-9F52-2AF06CE1BE60}.Debug|Any CPU.ActiveCfg = Debug|Any CPU
		{1B9C4995-076E-414E-9F52-2AF06CE1BE60}.Debug|Any CPU.Build.0 = Debug|Any CPU
		{1B9C4995-076E-414E-9F52-2AF06CE1BE60}.Release|Any CPU.ActiveCfg = Release|Any CPU
		{1B9C4995-076E-414E-9F52-2AF06CE1BE60}.Release|Any CPU.Build.0 = Release|Any CPU
		{69EFE82C-F7A1-4C07-8EDB-A5A172593905}.Debug|Any CPU.ActiveCfg = Debug|Any CPU
		{69EFE82C-F7A1-4C07-8EDB-A5A172593905}.Debug|Any CPU.Build.0 = Debug|Any CPU
		{69EFE82C-F7A1-4C07-8EDB-A5A172593905}.Release|Any CPU.ActiveCfg = Release|Any CPU
		{69EFE82C-F7A1-4C07-8EDB-A5A172593905}.Release|Any CPU.Build.0 = Release|Any CPU
		{6EC9E8FC-5323-4F97-B61B-332786D853CC}.Debug|Any CPU.ActiveCfg = Debug|Any CPU
		{6EC9E8FC-5323-4F97-B61B-332786D853CC}.Debug|Any CPU.Build.0 = Debug|Any CPU
		{6EC9E8FC-5323-4F97-B61B-332786D853CC}.Release|Any CPU.ActiveCfg = Release|Any CPU
		{6EC9E8FC-5323-4F97-B61B-332786D853CC}.Release|Any CPU.Build.0 = Release|Any CPU
		{65AA9296-2E06-4D45-8142-7EA8983B6A29}.Debug|Any CPU.ActiveCfg = Debug|Any CPU
		{65AA9296-2E06-4D45-8142-7EA8983B6A29}.Debug|Any CPU.Build.0 = Debug|Any CPU
		{65AA9296-2E06-4D45-8142-7EA8983B6A29}.Release|Any CPU.ActiveCfg = Release|Any CPU
		{65AA9296-2E06-4D45-8142-7EA8983B6A29}.Release|Any CPU.Build.0 = Release|Any CPU
		{78A58970-0E73-4613-8B79-65E0CB0BA0D1}.Debug|Any CPU.ActiveCfg = Debug|Any CPU
		{78A58970-0E73-4613-8B79-65E0CB0BA0D1}.Debug|Any CPU.Build.0 = Debug|Any CPU
		{78A58970-0E73-4613-8B79-65E0CB0BA0D1}.Release|Any CPU.ActiveCfg = Release|Any CPU
		{78A58970-0E73-4613-8B79-65E0CB0BA0D1}.Release|Any CPU.Build.0 = Release|Any CPU
		{3296F18F-99A1-496B-8520-42CDF1C04B6E}.Debug|Any CPU.ActiveCfg = Debug|Any CPU
		{3296F18F-99A1-496B-8520-42CDF1C04B6E}.Debug|Any CPU.Build.0 = Debug|Any CPU
		{3296F18F-99A1-496B-8520-42CDF1C04B6E}.Release|Any CPU.ActiveCfg = Release|Any CPU
		{3296F18F-99A1-496B-8520-42CDF1C04B6E}.Release|Any CPU.Build.0 = Release|Any CPU
		{C8484440-65B4-4627-9AC8-7230A55578FA}.Debug|Any CPU.ActiveCfg = Debug|Any CPU
		{C8484440-65B4-4627-9AC8-7230A55578FA}.Debug|Any CPU.Build.0 = Debug|Any CPU
		{C8484440-65B4-4627-9AC8-7230A55578FA}.Release|Any CPU.ActiveCfg = Release|Any CPU
		{C8484440-65B4-4627-9AC8-7230A55578FA}.Release|Any CPU.Build.0 = Release|Any CPU
		{6D519948-EEFE-4442-8362-A75EF738DE9B}.Debug|Any CPU.ActiveCfg = Debug|Any CPU
		{6D519948-EEFE-4442-8362-A75EF738DE9B}.Debug|Any CPU.Build.0 = Debug|Any CPU
		{6D519948-EEFE-4442-8362-A75EF738DE9B}.Release|Any CPU.ActiveCfg = Release|Any CPU
		{6D519948-EEFE-4442-8362-A75EF738DE9B}.Release|Any CPU.Build.0 = Release|Any CPU
		{13EF6CCE-EC4B-454F-807A-A1F5FD6DA9A4}.Debug|Any CPU.ActiveCfg = Debug|Any CPU
		{13EF6CCE-EC4B-454F-807A-A1F5FD6DA9A4}.Debug|Any CPU.Build.0 = Debug|Any CPU
		{13EF6CCE-EC4B-454F-807A-A1F5FD6DA9A4}.Release|Any CPU.ActiveCfg = Release|Any CPU
		{13EF6CCE-EC4B-454F-807A-A1F5FD6DA9A4}.Release|Any CPU.Build.0 = Release|Any CPU
		{E02FDF5D-34AD-4170-BB4F-9161D9E7E6B0}.Debug|Any CPU.ActiveCfg = Debug|Any CPU
		{E02FDF5D-34AD-4170-BB4F-9161D9E7E6B0}.Debug|Any CPU.Build.0 = Debug|Any CPU
		{E02FDF5D-34AD-4170-BB4F-9161D9E7E6B0}.Release|Any CPU.ActiveCfg = Release|Any CPU
		{E02FDF5D-34AD-4170-BB4F-9161D9E7E6B0}.Release|Any CPU.Build.0 = Release|Any CPU
		{8B7E62EC-F347-460F-8CCE-EE61726F24F8}.Debug|Any CPU.ActiveCfg = Debug|Any CPU
		{8B7E62EC-F347-460F-8CCE-EE61726F24F8}.Debug|Any CPU.Build.0 = Debug|Any CPU
		{8B7E62EC-F347-460F-8CCE-EE61726F24F8}.Release|Any CPU.ActiveCfg = Release|Any CPU
		{8B7E62EC-F347-460F-8CCE-EE61726F24F8}.Release|Any CPU.Build.0 = Release|Any CPU
		{B58EDEB3-D72E-4574-B43C-E1D77E9429D3}.Debug|Any CPU.ActiveCfg = Debug|Any CPU
		{B58EDEB3-D72E-4574-B43C-E1D77E9429D3}.Debug|Any CPU.Build.0 = Debug|Any CPU
		{B58EDEB3-D72E-4574-B43C-E1D77E9429D3}.Release|Any CPU.ActiveCfg = Release|Any CPU
		{B58EDEB3-D72E-4574-B43C-E1D77E9429D3}.Release|Any CPU.Build.0 = Release|Any CPU
		{0FF2E7E7-2871-4D83-AC68-236F43255A59}.Debug|Any CPU.ActiveCfg = Debug|Any CPU
		{0FF2E7E7-2871-4D83-AC68-236F43255A59}.Debug|Any CPU.Build.0 = Debug|Any CPU
		{0FF2E7E7-2871-4D83-AC68-236F43255A59}.Release|Any CPU.ActiveCfg = Release|Any CPU
		{0FF2E7E7-2871-4D83-AC68-236F43255A59}.Release|Any CPU.Build.0 = Release|Any CPU
		{9786CA96-DF95-4786-A39D-7293D3A859E6}.Debug|Any CPU.ActiveCfg = Debug|Any CPU
		{9786CA96-DF95-4786-A39D-7293D3A859E6}.Debug|Any CPU.Build.0 = Debug|Any CPU
		{9786CA96-DF95-4786-A39D-7293D3A859E6}.Release|Any CPU.ActiveCfg = Release|Any CPU
		{9786CA96-DF95-4786-A39D-7293D3A859E6}.Release|Any CPU.Build.0 = Release|Any CPU
		{6C9132D6-2069-47C1-94A7-AF8CF4DC1C97}.Debug|Any CPU.ActiveCfg = Debug|Any CPU
		{6C9132D6-2069-47C1-94A7-AF8CF4DC1C97}.Debug|Any CPU.Build.0 = Debug|Any CPU
		{6C9132D6-2069-47C1-94A7-AF8CF4DC1C97}.Release|Any CPU.ActiveCfg = Release|Any CPU
		{6C9132D6-2069-47C1-94A7-AF8CF4DC1C97}.Release|Any CPU.Build.0 = Release|Any CPU
		{4798BDAF-7200-4E08-AF12-EB0798A195C3}.Debug|Any CPU.ActiveCfg = Debug|Any CPU
		{4798BDAF-7200-4E08-AF12-EB0798A195C3}.Debug|Any CPU.Build.0 = Debug|Any CPU
		{4798BDAF-7200-4E08-AF12-EB0798A195C3}.Release|Any CPU.ActiveCfg = Release|Any CPU
		{4798BDAF-7200-4E08-AF12-EB0798A195C3}.Release|Any CPU.Build.0 = Release|Any CPU
		{5EE48F0B-2549-45F8-980C-F8D7D80737ED}.Debug|Any CPU.ActiveCfg = Debug|Any CPU
		{5EE48F0B-2549-45F8-980C-F8D7D80737ED}.Debug|Any CPU.Build.0 = Debug|Any CPU
		{5EE48F0B-2549-45F8-980C-F8D7D80737ED}.Release|Any CPU.ActiveCfg = Release|Any CPU
		{5EE48F0B-2549-45F8-980C-F8D7D80737ED}.Release|Any CPU.Build.0 = Release|Any CPU
		{F683725F-B040-46A7-93E7-761410EB93DB}.Debug|Any CPU.ActiveCfg = Debug|Any CPU
		{F683725F-B040-46A7-93E7-761410EB93DB}.Debug|Any CPU.Build.0 = Debug|Any CPU
		{F683725F-B040-46A7-93E7-761410EB93DB}.Release|Any CPU.ActiveCfg = Release|Any CPU
		{F683725F-B040-46A7-93E7-761410EB93DB}.Release|Any CPU.Build.0 = Release|Any CPU
		{41E0EE34-172E-480A-BCE4-70DE19A0314F}.Debug|Any CPU.ActiveCfg = Debug|Any CPU
		{41E0EE34-172E-480A-BCE4-70DE19A0314F}.Debug|Any CPU.Build.0 = Debug|Any CPU
		{41E0EE34-172E-480A-BCE4-70DE19A0314F}.Release|Any CPU.ActiveCfg = Release|Any CPU
		{41E0EE34-172E-480A-BCE4-70DE19A0314F}.Release|Any CPU.Build.0 = Release|Any CPU
		{3B162668-021F-466B-BBD0-DEABB7DCC3AB}.Debug|Any CPU.ActiveCfg = Debug|Any CPU
		{3B162668-021F-466B-BBD0-DEABB7DCC3AB}.Debug|Any CPU.Build.0 = Debug|Any CPU
		{3B162668-021F-466B-BBD0-DEABB7DCC3AB}.Release|Any CPU.ActiveCfg = Release|Any CPU
		{3B162668-021F-466B-BBD0-DEABB7DCC3AB}.Release|Any CPU.Build.0 = Release|Any CPU
		{387A7C35-0A27-4741-8873-BEA1766A3A03}.Debug|Any CPU.ActiveCfg = Debug|Any CPU
		{387A7C35-0A27-4741-8873-BEA1766A3A03}.Debug|Any CPU.Build.0 = Debug|Any CPU
		{387A7C35-0A27-4741-8873-BEA1766A3A03}.Release|Any CPU.ActiveCfg = Release|Any CPU
		{387A7C35-0A27-4741-8873-BEA1766A3A03}.Release|Any CPU.Build.0 = Release|Any CPU
		{F9263EB7-F021-42A3-BCD9-4DEAF8719C9E}.Debug|Any CPU.ActiveCfg = Debug|Any CPU
		{F9263EB7-F021-42A3-BCD9-4DEAF8719C9E}.Debug|Any CPU.Build.0 = Debug|Any CPU
		{F9263EB7-F021-42A3-BCD9-4DEAF8719C9E}.Release|Any CPU.ActiveCfg = Release|Any CPU
		{F9263EB7-F021-42A3-BCD9-4DEAF8719C9E}.Release|Any CPU.Build.0 = Release|Any CPU
		{52B9694E-9C9F-47B2-9E51-11AE6184A12C}.Debug|Any CPU.ActiveCfg = Debug|Any CPU
		{52B9694E-9C9F-47B2-9E51-11AE6184A12C}.Debug|Any CPU.Build.0 = Debug|Any CPU
		{52B9694E-9C9F-47B2-9E51-11AE6184A12C}.Release|Any CPU.ActiveCfg = Release|Any CPU
		{52B9694E-9C9F-47B2-9E51-11AE6184A12C}.Release|Any CPU.Build.0 = Release|Any CPU
		{3D4C6C23-3195-4448-BB2B-29F187021356}.Debug|Any CPU.ActiveCfg = Debug|Any CPU
		{3D4C6C23-3195-4448-BB2B-29F187021356}.Debug|Any CPU.Build.0 = Debug|Any CPU
		{3D4C6C23-3195-4448-BB2B-29F187021356}.Release|Any CPU.ActiveCfg = Release|Any CPU
		{3D4C6C23-3195-4448-BB2B-29F187021356}.Release|Any CPU.Build.0 = Release|Any CPU
		{D51592EE-B682-42B9-9A2C-445C5A5FD54E}.Debug|Any CPU.ActiveCfg = Debug|Any CPU
		{D51592EE-B682-42B9-9A2C-445C5A5FD54E}.Debug|Any CPU.Build.0 = Debug|Any CPU
		{D51592EE-B682-42B9-9A2C-445C5A5FD54E}.Release|Any CPU.ActiveCfg = Release|Any CPU
		{D51592EE-B682-42B9-9A2C-445C5A5FD54E}.Release|Any CPU.Build.0 = Release|Any CPU
		{72C49489-4143-4360-873A-9145A11CFA86}.Debug|Any CPU.ActiveCfg = Debug|Any CPU
		{72C49489-4143-4360-873A-9145A11CFA86}.Debug|Any CPU.Build.0 = Debug|Any CPU
		{72C49489-4143-4360-873A-9145A11CFA86}.Release|Any CPU.ActiveCfg = Release|Any CPU
		{72C49489-4143-4360-873A-9145A11CFA86}.Release|Any CPU.Build.0 = Release|Any CPU
		{B94D1CD5-D133-4A3C-B604-9FE34A973FA7}.Debug|Any CPU.ActiveCfg = Debug|Any CPU
		{B94D1CD5-D133-4A3C-B604-9FE34A973FA7}.Debug|Any CPU.Build.0 = Debug|Any CPU
		{B94D1CD5-D133-4A3C-B604-9FE34A973FA7}.Release|Any CPU.ActiveCfg = Release|Any CPU
		{B94D1CD5-D133-4A3C-B604-9FE34A973FA7}.Release|Any CPU.Build.0 = Release|Any CPU
		{0BD1C3A9-7CA6-4072-90C0-2BAA3CFC9755}.Debug|Any CPU.ActiveCfg = Debug|Any CPU
		{0BD1C3A9-7CA6-4072-90C0-2BAA3CFC9755}.Debug|Any CPU.Build.0 = Debug|Any CPU
		{0BD1C3A9-7CA6-4072-90C0-2BAA3CFC9755}.Release|Any CPU.ActiveCfg = Release|Any CPU
		{0BD1C3A9-7CA6-4072-90C0-2BAA3CFC9755}.Release|Any CPU.Build.0 = Release|Any CPU
		{A80E0096-F99E-42BF-BEDE-FCF758DD7D2E}.Debug|Any CPU.ActiveCfg = Debug|Any CPU
		{A80E0096-F99E-42BF-BEDE-FCF758DD7D2E}.Debug|Any CPU.Build.0 = Debug|Any CPU
		{A80E0096-F99E-42BF-BEDE-FCF758DD7D2E}.Release|Any CPU.ActiveCfg = Release|Any CPU
		{A80E0096-F99E-42BF-BEDE-FCF758DD7D2E}.Release|Any CPU.Build.0 = Release|Any CPU
	EndGlobalSection
	GlobalSection(SolutionProperties) = preSolution
		HideSolutionNode = FALSE
	EndGlobalSection
	GlobalSection(NestedProjects) = preSolution
		{96C91DA9-8A85-4592-8DE7-D65BC18F1161} = {DDB4EF12-CC4E-5E88-E6FC-71A802F4DE97}
		{FFE8FE4C-9C0E-4A2E-93BC-BCF10EA544B1} = {4A6231C2-F61A-45C2-9133-D6C317AC8280}
		{D783EB48-1549-4010-9347-30E972311C46} = {AAAE952D-B64F-491F-947C-B9E72875860C}
		{FC6BE27A-B6AC-457F-B8B7-841732F7E2CE} = {D783EB48-1549-4010-9347-30E972311C46}
		{4A6231C2-F61A-45C2-9133-D6C317AC8280} = {AAAE952D-B64F-491F-947C-B9E72875860C}
		{E7DDD714-C311-48AD-B5CC-6CB5FBB58496} = {0C3E68D9-43BA-4E49-82BD-79054C6123BA}
		{DB339D28-5C46-4EF3-A3BB-456FD48647AD} = {0C3E68D9-43BA-4E49-82BD-79054C6123BA}
		{3CB83083-0806-406B-9596-A5553EC17336} = {AAAE952D-B64F-491F-947C-B9E72875860C}
		{6E6F95D4-6CAC-474B-AF2F-8FAE1DB82E80} = {3CB83083-0806-406B-9596-A5553EC17336}
		{C873F348-3CA4-495F-AB57-B01E30EA4112} = {D783EB48-1549-4010-9347-30E972311C46}
		{67CF22F4-2C54-4172-ABE4-C0BF3B06DB1D} = {D068BD2B-EE86-49BC-9AE9-CB41BE7B1C3C}
		{0F75E12F-BAD3-4F6F-8C8B-D659E1F98151} = {D068BD2B-EE86-49BC-9AE9-CB41BE7B1C3C}
		{C98A200A-E54E-4E6F-933F-83D2DD617E4E} = {0F75E12F-BAD3-4F6F-8C8B-D659E1F98151}
		{573EDFBF-EF65-4775-91DE-C38F59313CD5} = {D068BD2B-EE86-49BC-9AE9-CB41BE7B1C3C}
		{212CF20C-7327-4C4A-A1C7-0143E8BEE976} = {0F75E12F-BAD3-4F6F-8C8B-D659E1F98151}
		{1257F68E-480C-4746-8B09-85E92221A7C5} = {0D3DCECD-6EF8-4CA5-AB79-741B5CBC7E45}
		{636C93AE-CB5C-4822-821A-0B10C2407A75} = {0D3DCECD-6EF8-4CA5-AB79-741B5CBC7E45}
		{ABA13DCB-D5E2-4DED-832C-3AA397ED964C} = {636C93AE-CB5C-4822-821A-0B10C2407A75}
		{C1D63E63-E64B-FCB7-4276-5EBCB0FEC291} = {636C93AE-CB5C-4822-821A-0B10C2407A75}
		{095BD783-4859-4FDC-AD28-17ECD5516379} = {691A7422-F0DC-45BB-A99E-B96DB7ED52FA}
		{8A73B52F-0E77-4CEC-AE54-F94E2AF21917} = {F61A9789-71AB-488F-B18D-C798DA44EBD5}
		{22D1F3AC-E4F9-410D-BEA9-05E2BDD9E215} = {8A73B52F-0E77-4CEC-AE54-F94E2AF21917}
		{CD79DF13-F612-4EE1-90F2-8A719E058C83} = {F61A9789-71AB-488F-B18D-C798DA44EBD5}
		{3F4E6D17-D004-46B0-8ADA-415A93BFEBF8} = {F61A9789-71AB-488F-B18D-C798DA44EBD5}
		{3E764654-463A-4907-AECC-401A7FC0C8C6} = {8A73B52F-0E77-4CEC-AE54-F94E2AF21917}
		{35F50C23-EBEE-453A-8A0F-A112388BF63C} = {AC3B4423-591F-496F-A1A7-3617401A8D3F}
		{7B34514D-F55C-A5FE-D1EF-2AB834B91306} = {AC3B4423-591F-496F-A1A7-3617401A8D3F}
		{B5025803-550F-2718-0B4A-39867A675BF8} = {35F50C23-EBEE-453A-8A0F-A112388BF63C}
		{9605B4B8-0A34-BDE4-CFD2-F49073E3B9EF} = {35F50C23-EBEE-453A-8A0F-A112388BF63C}
		{766DC129-B7E6-6BE5-67FF-02794A6C9D6A} = {35F50C23-EBEE-453A-8A0F-A112388BF63C}
		{8758FBDB-9295-0DA5-31B6-DA01667F06FB} = {35F50C23-EBEE-453A-8A0F-A112388BF63C}
		{9D888F9E-F1E9-D817-9103-5037E34D9814} = {AC3B4423-591F-496F-A1A7-3617401A8D3F}
		{97B42F2F-3722-4C46-B0F2-DBD30D4FCCB4} = {9650AE62-DE88-4035-A1D2-C5B75F4E09E9}
		{F7AC8F98-EECD-4E60-9F50-03BDCB381752} = {9650AE62-DE88-4035-A1D2-C5B75F4E09E9}
		{E314E983-0624-44B6-83F5-95D1FD3B48F4} = {9650AE62-DE88-4035-A1D2-C5B75F4E09E9}
		{D2950EB8-D8BA-4ABC-B4D4-A76BD0A8DDD3} = {97B42F2F-3722-4C46-B0F2-DBD30D4FCCB4}
		{9F7082F3-1025-4A7D-97C8-13C12235CFC7} = {97B42F2F-3722-4C46-B0F2-DBD30D4FCCB4}
		{6D0D1396-58A8-4C23-BC7C-5FB8A1C51782} = {BF19A42D-0E19-4431-B639-8F5CD1F55FB3}
		{2D5AC2BC-C97B-42C2-B72F-A72750BFAE64} = {6D0D1396-58A8-4C23-BC7C-5FB8A1C51782}
		{BA3B5C5E-D6A4-39ED-6760-036CDB62E249} = {BF19A42D-0E19-4431-B639-8F5CD1F55FB3}
		{C5945B9D-CF6E-473D-8A6A-2BDEDAF3C941} = {BF19A42D-0E19-4431-B639-8F5CD1F55FB3}
		{652EDF5E-C9AD-4E34-9C74-3F8476317441} = {6D0D1396-58A8-4C23-BC7C-5FB8A1C51782}
		{6EF7678A-A725-F430-3097-30F090C0100A} = {D3A1F0BE-E715-4FF3-A448-F9F1F9428BCA}
		{010D0C11-D6A2-3CA6-3281-4E0FD547EC2D} = {D3A1F0BE-E715-4FF3-A448-F9F1F9428BCA}
		{282E3726-5071-4376-AE4F-2FBAAFC98605} = {4779B3EF-8582-46C5-AD46-CA768EB07AE9}
		{8951A7BE-3418-4D17-8913-613B36420FFB} = {4779B3EF-8582-46C5-AD46-CA768EB07AE9}
		{3F9467E3-F099-4CC2-8E50-F50B403ABA30} = {8951A7BE-3418-4D17-8913-613B36420FFB}
		{52442FBF-AB1E-12BC-8344-0695887AC3CB} = {8951A7BE-3418-4D17-8913-613B36420FFB}
		{13EA441B-E72F-5CA2-D5D4-B3F52139D7CF} = {8951A7BE-3418-4D17-8913-613B36420FFB}
		{3CED09FE-B654-4E78-89F5-BD5215C4BCBC} = {0C3E68D9-43BA-4E49-82BD-79054C6123BA}
		{A2B51BDC-F6F7-4D61-9121-FAE567E7FC47} = {9323ED5B-4258-479A-BDD4-E50AF0A34CE5}
		{4109F16C-CC0F-746C-BB8C-6083813C958C} = {9323ED5B-4258-479A-BDD4-E50AF0A34CE5}
		{E47CE22D-9021-4EC8-AA69-16799F6220CB} = {A2B51BDC-F6F7-4D61-9121-FAE567E7FC47}
		{F01C3B69-9D05-4BEF-26EB-57BAD926097B} = {A2B51BDC-F6F7-4D61-9121-FAE567E7FC47}
		{414DFFD5-4A0F-DD91-933A-D9585859A325} = {A2B51BDC-F6F7-4D61-9121-FAE567E7FC47}
		{EAF71797-F5FC-4D6B-8A1B-8215BD9A86AE} = {0C3E68D9-43BA-4E49-82BD-79054C6123BA}
		{F716B90E-716C-496E-B3AE-798DDAC91EB8} = {EF7F42F8-FED1-4B7D-A1EC-194BB7A9D978}
		{7EB77BED-53CA-4643-9D61-9A1D44DE7736} = {EF7F42F8-FED1-4B7D-A1EC-194BB7A9D978}
		{D4BC0068-2305-4AE8-8FC5-5F9018B8D1FA} = {7EB77BED-53CA-4643-9D61-9A1D44DE7736}
		{3D445BFC-4856-4114-B6C6-5EE147DAF918} = {7EB77BED-53CA-4643-9D61-9A1D44DE7736}
		{1B9C4995-076E-414E-9F52-2AF06CE1BE60} = {EF7F42F8-FED1-4B7D-A1EC-194BB7A9D978}
		{69EFE82C-F7A1-4C07-8EDB-A5A172593905} = {7EB77BED-53CA-4643-9D61-9A1D44DE7736}
		{6EC9E8FC-5323-4F97-B61B-332786D853CC} = {EF7F42F8-FED1-4B7D-A1EC-194BB7A9D978}
		{65AA9296-2E06-4D45-8142-7EA8983B6A29} = {7EB77BED-53CA-4643-9D61-9A1D44DE7736}
		{78A58970-0E73-4613-8B79-65E0CB0BA0D1} = {7EB77BED-53CA-4643-9D61-9A1D44DE7736}
		{3296F18F-99A1-496B-8520-42CDF1C04B6E} = {9CAA1C34-6D42-4EF0-A158-78C38289BFCD}
		{C8484440-65B4-4627-9AC8-7230A55578FA} = {9CAA1C34-6D42-4EF0-A158-78C38289BFCD}
		{6D519948-EEFE-4442-8362-A75EF738DE9B} = {9CAA1C34-6D42-4EF0-A158-78C38289BFCD}
		{13EF6CCE-EC4B-454F-807A-A1F5FD6DA9A4} = {9CAA1C34-6D42-4EF0-A158-78C38289BFCD}
		{E02FDF5D-34AD-4170-BB4F-9161D9E7E6B0} = {9CAA1C34-6D42-4EF0-A158-78C38289BFCD}
		{8B7E62EC-F347-460F-8CCE-EE61726F24F8} = {9CAA1C34-6D42-4EF0-A158-78C38289BFCD}
		{B58EDEB3-D72E-4574-B43C-E1D77E9429D3} = {9CAA1C34-6D42-4EF0-A158-78C38289BFCD}
		{0FF2E7E7-2871-4D83-AC68-236F43255A59} = {D306EB65-A865-45C5-96F7-9053ACDEA6E0}
		{9786CA96-DF95-4786-A39D-7293D3A859E6} = {D306EB65-A865-45C5-96F7-9053ACDEA6E0}
		{6C9132D6-2069-47C1-94A7-AF8CF4DC1C97} = {3FDF2120-B55A-4DD9-A8D2-0C8D8788A9CB}
		{2248E587-7CBA-4B68-A48E-60DD2CA09C08} = {3FDF2120-B55A-4DD9-A8D2-0C8D8788A9CB}
		{4798BDAF-7200-4E08-AF12-EB0798A195C3} = {2248E587-7CBA-4B68-A48E-60DD2CA09C08}
		{5EE48F0B-2549-45F8-980C-F8D7D80737ED} = {1B124497-39BD-456E-B508-4CBEBCCAC3DF}
		{4EC6DB6E-9537-4AF2-9068-E64C4C6AC80F} = {1B124497-39BD-456E-B508-4CBEBCCAC3DF}
		{F683725F-B040-46A7-93E7-761410EB93DB} = {4EC6DB6E-9537-4AF2-9068-E64C4C6AC80F}
		{41E0EE34-172E-480A-BCE4-70DE19A0314F} = {1B124497-39BD-456E-B508-4CBEBCCAC3DF}
		{3B162668-021F-466B-BBD0-DEABB7DCC3AB} = {1B124497-39BD-456E-B508-4CBEBCCAC3DF}
		{387A7C35-0A27-4741-8873-BEA1766A3A03} = {1B124497-39BD-456E-B508-4CBEBCCAC3DF}
		{F9263EB7-F021-42A3-BCD9-4DEAF8719C9E} = {9CE407B5-3B0C-4B33-AE17-4ECCADE89748}
		{52B9694E-9C9F-47B2-9E51-11AE6184A12C} = {9CE407B5-3B0C-4B33-AE17-4ECCADE89748}
		{1428D53E-7CBC-4F42-88D0-5AF2D8160C69} = {9CE407B5-3B0C-4B33-AE17-4ECCADE89748}
		{3D4C6C23-3195-4448-BB2B-29F187021356} = {1428D53E-7CBC-4F42-88D0-5AF2D8160C69}
		{D51592EE-B682-42B9-9A2C-445C5A5FD54E} = {1428D53E-7CBC-4F42-88D0-5AF2D8160C69}
		{72C49489-4143-4360-873A-9145A11CFA86} = {1428D53E-7CBC-4F42-88D0-5AF2D8160C69}
		{B94D1CD5-D133-4A3C-B604-9FE34A973FA7} = {1428D53E-7CBC-4F42-88D0-5AF2D8160C69}
		{0BD1C3A9-7CA6-4072-90C0-2BAA3CFC9755} = {793622D9-0272-44DE-B10E-E7C55DF5684B}
		{9D80B17F-0F9C-4A4D-A4FB-F454B5AEC5CB} = {793622D9-0272-44DE-B10E-E7C55DF5684B}
		{A80E0096-F99E-42BF-BEDE-FCF758DD7D2E} = {9D80B17F-0F9C-4A4D-A4FB-F454B5AEC5CB}
	EndGlobalSection
	GlobalSection(ExtensibilityGlobals) = postSolution
		SolutionGuid = {DE3A1FC4-B9D5-4F09-8ACB-8EF816322E53}
	EndGlobalSection
EndGlobal
