
Microsoft Visual Studio Solution File, Format Version 12.00
# Visual Studio Version 17
VisualStudioVersion = 17.13.35825.156
MinimumVisualStudioVersion = 10.0.40219.1
Project("{2150E333-8FDC-42A3-9474-1A3956D46DE8}") = "Chapter01", "Chapter01", "{DDB4EF12-CC4E-5E88-E6FC-71A802F4DE97}"
EndProject
Project("{FAE04EC0-301F-11D3-BF4B-00C04F79EFBC}") = "ProductSample", "Chapter01\ProductSample\ProductSample.csproj", "{96C91DA9-8A85-4592-8DE7-D65BC18F1161}"
EndProject
Project("{2150E333-8FDC-42A3-9474-1A3956D46DE8}") = "Chapter02", "Chapter02", "{AAAE952D-B64F-491F-947C-B9E72875860C}"
EndProject
Project("{FAE04EC0-301F-11D3-BF4B-00C04F79EFBC}") = "DistanceConverter", "Chapter02\DistanceConverter\DistanceConverter.csproj", "{FFE8FE4C-9C0E-4A2E-93BC-BCF10EA544B1}"
EndProject
Project("{2150E333-8FDC-42A3-9474-1A3956D46DE8}") = "演習問題", "演習問題", "{D783EB48-1549-4010-9347-30E972311C46}"
EndProject
Project("{FAE04EC0-301F-11D3-BF4B-00C04F79EFBC}") = "Exercise02", "Chapter02\演習問題\Exercise02\Exercise02.csproj", "{FC6BE27A-B6AC-457F-B8B7-841732F7E2CE}"
EndProject
Project("{2150E333-8FDC-42A3-9474-1A3956D46DE8}") = "距離換算プログラム", "距離換算プログラム", "{4A6231C2-F61A-45C2-9133-D6C317AC8280}"
EndProject
Project("{2150E333-8FDC-42A3-9474-1A3956D46DE8}") = "FormApps", "FormApps", "{0C3E68D9-43BA-4E49-82BD-79054C6123BA}"
EndProject
Project("{FAE04EC0-301F-11D3-BF4B-00C04F79EFBC}") = "UnitConverter", "FormApps\UnitConverter\UnitConverter.csproj", "{E7DDD714-C311-48AD-B5CC-6CB5FBB58496}"
EndProject
Project("{FAE04EC0-301F-11D3-BF4B-00C04F79EFBC}") = "StopWatch", "FormApps\StopWatch\StopWatch.csproj", "{DB339D28-5C46-4EF3-A3BB-456FD48647AD}"
EndProject
Project("{2150E333-8FDC-42A3-9474-1A3956D46DE8}") = "売り上げ集計プログラム", "売り上げ集計プログラム", "{3CB83083-0806-406B-9596-A5553EC17336}"
EndProject
Project("{FAE04EC0-301F-11D3-BF4B-00C04F79EFBC}") = "SalesCalculator", "Chapter02\SalesCalculator\SalesCalculator.csproj", "{6E6F95D4-6CAC-474B-AF2F-8FAE1DB82E80}"
EndProject
Project("{FAE04EC0-301F-11D3-BF4B-00C04F79EFBC}") = "Exercise01", "Chapter02\演習問題\Exercise01\Exercise01.csproj", "{C873F348-3CA4-495F-AB57-B01E30EA4112}"
EndProject
Project("{2150E333-8FDC-42A3-9474-1A3956D46DE8}") = "Chapter03", "Chapter03", "{D068BD2B-EE86-49BC-9AE9-CB41BE7B1C3C}"
EndProject
Project("{FAE04EC0-301F-11D3-BF4B-00C04F79EFBC}") = "Section01", "Chapter03\Section01\Section01.csproj", "{67CF22F4-2C54-4172-ABE4-C0BF3B06DB1D}"
EndProject
Project("{2150E333-8FDC-42A3-9474-1A3956D46DE8}") = "演習問題", "演習問題", "{0F75E12F-BAD3-4F6F-8C8B-D659E1F98151}"
EndProject
Project("{FAE04EC0-301F-11D3-BF4B-00C04F79EFBC}") = "Exercise02", "Chapter03\演習問題\Exercise02\Exercise02.csproj", "{C98A200A-E54E-4E6F-933F-83D2DD617E4E}"
EndProject
Project("{FAE04EC0-301F-11D3-BF4B-00C04F79EFBC}") = "Section04", "Chapter03\Section04\Section04.csproj", "{573EDFBF-EF65-4775-91DE-C38F59313CD5}"
EndProject
Project("{FAE04EC0-301F-11D3-BF4B-00C04F79EFBC}") = "Exercise01", "Chapter03\演習問題\Exercise01\Exercise01.csproj", "{212CF20C-7327-4C4A-A1C7-0143E8BEE976}"
EndProject
Project("{2150E333-8FDC-42A3-9474-1A3956D46DE8}") = "Chapter04", "Chapter04", "{0D3DCECD-6EF8-4CA5-AB79-741B5CBC7E45}"
EndProject
Project("{FAE04EC0-301F-11D3-BF4B-00C04F79EFBC}") = "Section04", "Chapter04\Section04\Section04.csproj", "{1257F68E-480C-4746-8B09-85E92221A7C5}"
EndProject
Project("{2150E333-8FDC-42A3-9474-1A3956D46DE8}") = "演習問題", "演習問題", "{636C93AE-CB5C-4822-821A-0B10C2407A75}"
EndProject
Project("{FAE04EC0-301F-11D3-BF4B-00C04F79EFBC}") = "Exercise01", "Chapter04\演習問題\Exercise01\Exercise01.csproj", "{ABA13DCB-D5E2-4DED-832C-3AA397ED964C}"
EndProject
Project("{FAE04EC0-301F-11D3-BF4B-00C04F79EFBC}") = "Exercise02", "Chapter04\演習問題\Exercise02\Exercise02.csproj", "{C1D63E63-E64B-FCB7-4276-5EBCB0FEC291}"
EndProject
Project("{2150E333-8FDC-42A3-9474-1A3956D46DE8}") = "LINQ", "LINQ", "{691A7422-F0DC-45BB-A99E-B96DB7ED52FA}"
EndProject
Project("{FAE04EC0-301F-11D3-BF4B-00C04F79EFBC}") = "LinqSample", "LINQ\LinqSample\LinqSample.csproj", "{095BD783-4859-4FDC-AD28-17ECD5516379}"
EndProject
Project("{2150E333-8FDC-42A3-9474-1A3956D46DE8}") = "Chapter07", "Chapter07", "{F61A9789-71AB-488F-B18D-C798DA44EBD5}"
EndProject
Project("{2150E333-8FDC-42A3-9474-1A3956D46DE8}") = "演習問題", "演習問題", "{8A73B52F-0E77-4CEC-AE54-F94E2AF21917}"
EndProject
Project("{FAE04EC0-301F-11D3-BF4B-00C04F79EFBC}") = "Exercise01", "Chapter07\演習問題\Exercise01\Exercise01.csproj", "{22D1F3AC-E4F9-410D-BEA9-05E2BDD9E215}"
EndProject
Project("{FAE04EC0-301F-11D3-BF4B-00C04F79EFBC}") = "Section01", "Chapter07\Section01\Section01.csproj", "{CD79DF13-F612-4EE1-90F2-8A719E058C83}"
EndProject
Project("{FAE04EC0-301F-11D3-BF4B-00C04F79EFBC}") = "Section05", "Chapter07\Section05\Section05.csproj", "{3F4E6D17-D004-46B0-8ADA-415A93BFEBF8}"
EndProject
Project("{FAE04EC0-301F-11D3-BF4B-00C04F79EFBC}") = "Exercise02", "Chapter07\演習問題\Exercise02\Exercise02.csproj", "{3E764654-463A-4907-AECC-401A7FC0C8C6}"
EndProject
Project("{2150E333-8FDC-42A3-9474-1A3956D46DE8}") = "Chapter06", "Chapter06", "{AC3B4423-591F-496F-A1A7-3617401A8D3F}"
EndProject
Project("{2150E333-8FDC-42A3-9474-1A3956D46DE8}") = "演習問題", "演習問題", "{35F50C23-EBEE-453A-8A0F-A112388BF63C}"
EndProject
Project("{FAE04EC0-301F-11D3-BF4B-00C04F79EFBC}") = "Section01", "Chapter06\Section01\Section01.csproj", "{7B34514D-F55C-A5FE-D1EF-2AB834B91306}"
EndProject
Project("{FAE04EC0-301F-11D3-BF4B-00C04F79EFBC}") = "Exercise01", "Chapter06\演習問題\Exercise01\Exercise01.csproj", "{B5025803-550F-2718-0B4A-39867A675BF8}"
EndProject
Project("{FAE04EC0-301F-11D3-BF4B-00C04F79EFBC}") = "Exercise02", "Chapter06\演習問題\Exercise02\Exercise02.csproj", "{9605B4B8-0A34-BDE4-CFD2-F49073E3B9EF}"
EndProject
Project("{FAE04EC0-301F-11D3-BF4B-00C04F79EFBC}") = "Exercise03", "Chapter06\演習問題\Exercise03\Exercise03.csproj", "{766DC129-B7E6-6BE5-67FF-02794A6C9D6A}"
EndProject
Project("{FAE04EC0-301F-11D3-BF4B-00C04F79EFBC}") = "Exercise04", "Chapter06\演習問題\Exercise04\Exercise04.csproj", "{8758FBDB-9295-0DA5-31B6-DA01667F06FB}"
EndProject
Project("{FAE04EC0-301F-11D3-BF4B-00C04F79EFBC}") = "Section03", "Chapter06\Section03\Section03.csproj", "{9D888F9E-F1E9-D817-9103-5037E34D9814}"
EndProject
Project("{2150E333-8FDC-42A3-9474-1A3956D46DE8}") = "Chapter05", "Chapter05", "{9650AE62-DE88-4035-A1D2-C5B75F4E09E9}"
EndProject
Project("{2150E333-8FDC-42A3-9474-1A3956D46DE8}") = "演習問題", "演習問題", "{97B42F2F-3722-4C46-B0F2-DBD30D4FCCB4}"
EndProject
Project("{FAE04EC0-301F-11D3-BF4B-00C04F79EFBC}") = "Section01", "Chapter05\Section01\Section01.csproj", "{F7AC8F98-EECD-4E60-9F50-03BDCB381752}"
EndProject
Project("{FAE04EC0-301F-11D3-BF4B-00C04F79EFBC}") = "Section02", "Chapter05\Section02\Section02.csproj", "{E314E983-0624-44B6-83F5-95D1FD3B48F4}"
EndProject
Project("{FAE04EC0-301F-11D3-BF4B-00C04F79EFBC}") = "Exercise01", "Chapter05\演習問題\Exercise01\Exercise01.csproj", "{D2950EB8-D8BA-4ABC-B4D4-A76BD0A8DDD3}"
EndProject
Project("{FAE04EC0-301F-11D3-BF4B-00C04F79EFBC}") = "Exercise02", "Chapter05\演習問題\Exercise02\Exercise02.csproj", "{9F7082F3-1025-4A7D-97C8-13C12235CFC7}"
EndProject
Project("{2150E333-8FDC-42A3-9474-1A3956D46DE8}") = "Chapter08", "Chapter08", "{BF19A42D-0E19-4431-B639-8F5CD1F55FB3}"
EndProject
Project("{2150E333-8FDC-42A3-9474-1A3956D46DE8}") = "演習問題", "演習問題", "{6D0D1396-58A8-4C23-BC7C-5FB8A1C51782}"
EndProject
Project("{FAE04EC0-301F-11D3-BF4B-00C04F79EFBC}") = "Exercise01", "Chapter08\演習問題\Exercise01\Exercise01.csproj", "{2D5AC2BC-C97B-42C2-B72F-A72750BFAE64}"
EndProject
Project("{FAE04EC0-301F-11D3-BF4B-00C04F79EFBC}") = "PrefCapitalLocationSystem", "Chapter08\PrefCapitalLocationSystem\PrefCapitalLocationSystem.csproj", "{BA3B5C5E-D6A4-39ED-6760-036CDB62E249}"
EndProject
Project("{FAE04EC0-301F-11D3-BF4B-00C04F79EFBC}") = "Section03", "Chapter08\Section03\Section03.csproj", "{C5945B9D-CF6E-473D-8A6A-2BDEDAF3C941}"
EndProject
Project("{FAE04EC0-301F-11D3-BF4B-00C04F79EFBC}") = "Exercise02", "Chapter08\演習問題\Exercise02\Exercise02.csproj", "{652EDF5E-C9AD-4E34-9C74-3F8476317441}"
EndProject
Project("{2150E333-8FDC-42A3-9474-1A3956D46DE8}") = "Test01", "Test01", "{D3A1F0BE-E715-4FF3-A448-F9F1F9428BCA}"
EndProject
Project("{FAE04EC0-301F-11D3-BF4B-00C04F79EFBC}") = "Test01", "Test01\Test01\Test01.csproj", "{6EF7678A-A725-F430-3097-30F090C0100A}"
EndProject
Project("{FAE04EC0-301F-11D3-BF4B-00C04F79EFBC}") = "Test02", "Test01\Test02\Test02.csproj", "{010D0C11-D6A2-3CA6-3281-4E0FD547EC2D}"
EndProject
Project("{2150E333-8FDC-42A3-9474-1A3956D46DE8}") = "Chapter09", "Chapter09", "{4779B3EF-8582-46C5-AD46-CA768EB07AE9}"
EndProject
Project("{FAE04EC0-301F-11D3-BF4B-00C04F79EFBC}") = "Section01", "Chapter09\Section01\Section01.csproj", "{282E3726-5071-4376-AE4F-2FBAAFC98605}"
EndProject
Project("{2150E333-8FDC-42A3-9474-1A3956D46DE8}") = "演習問題", "演習問題", "{8951A7BE-3418-4D17-8913-613B36420FFB}"
EndProject
Project("{FAE04EC0-301F-11D3-BF4B-00C04F79EFBC}") = "Exercise01", "Chapter09\演習問題\Exercise01\Exercise01.csproj", "{3F9467E3-F099-4CC2-8E50-F50B403ABA30}"
EndProject
Project("{FAE04EC0-301F-11D3-BF4B-00C04F79EFBC}") = "Exercise02", "Chapter09\演習問題\Exercise02\Exercise02.csproj", "{52442FBF-AB1E-12BC-8344-0695887AC3CB}"
EndProject
Global
	GlobalSection(SolutionConfigurationPlatforms) = preSolution
		Debug|Any CPU = Debug|Any CPU
		Release|Any CPU = Release|Any CPU
	EndGlobalSection
	GlobalSection(ProjectConfigurationPlatforms) = postSolution
		{96C91DA9-8A85-4592-8DE7-D65BC18F1161}.Debug|Any CPU.ActiveCfg = Debug|Any CPU
		{96C91DA9-8A85-4592-8DE7-D65BC18F1161}.Debug|Any CPU.Build.0 = Debug|Any CPU
		{96C91DA9-8A85-4592-8DE7-D65BC18F1161}.Release|Any CPU.ActiveCfg = Release|Any CPU
		{96C91DA9-8A85-4592-8DE7-D65BC18F1161}.Release|Any CPU.Build.0 = Release|Any CPU
		{FFE8FE4C-9C0E-4A2E-93BC-BCF10EA544B1}.Debug|Any CPU.ActiveCfg = Debug|Any CPU
		{FFE8FE4C-9C0E-4A2E-93BC-BCF10EA544B1}.Debug|Any CPU.Build.0 = Debug|Any CPU
		{FFE8FE4C-9C0E-4A2E-93BC-BCF10EA544B1}.Release|Any CPU.ActiveCfg = Release|Any CPU
		{FFE8FE4C-9C0E-4A2E-93BC-BCF10EA544B1}.Release|Any CPU.Build.0 = Release|Any CPU
		{FC6BE27A-B6AC-457F-B8B7-841732F7E2CE}.Debug|Any CPU.ActiveCfg = Debug|Any CPU
		{FC6BE27A-B6AC-457F-B8B7-841732F7E2CE}.Debug|Any CPU.Build.0 = Debug|Any CPU
		{FC6BE27A-B6AC-457F-B8B7-841732F7E2CE}.Release|Any CPU.ActiveCfg = Release|Any CPU
		{FC6BE27A-B6AC-457F-B8B7-841732F7E2CE}.Release|Any CPU.Build.0 = Release|Any CPU
		{E7DDD714-C311-48AD-B5CC-6CB5FBB58496}.Debug|Any CPU.ActiveCfg = Debug|Any CPU
		{E7DDD714-C311-48AD-B5CC-6CB5FBB58496}.Debug|Any CPU.Build.0 = Debug|Any CPU
		{E7DDD714-C311-48AD-B5CC-6CB5FBB58496}.Release|Any CPU.ActiveCfg = Release|Any CPU
		{E7DDD714-C311-48AD-B5CC-6CB5FBB58496}.Release|Any CPU.Build.0 = Release|Any CPU
		{DB339D28-5C46-4EF3-A3BB-456FD48647AD}.Debug|Any CPU.ActiveCfg = Debug|Any CPU
		{DB339D28-5C46-4EF3-A3BB-456FD48647AD}.Debug|Any CPU.Build.0 = Debug|Any CPU
		{DB339D28-5C46-4EF3-A3BB-456FD48647AD}.Release|Any CPU.ActiveCfg = Release|Any CPU
		{DB339D28-5C46-4EF3-A3BB-456FD48647AD}.Release|Any CPU.Build.0 = Release|Any CPU
		{6E6F95D4-6CAC-474B-AF2F-8FAE1DB82E80}.Debug|Any CPU.ActiveCfg = Debug|Any CPU
		{6E6F95D4-6CAC-474B-AF2F-8FAE1DB82E80}.Debug|Any CPU.Build.0 = Debug|Any CPU
		{6E6F95D4-6CAC-474B-AF2F-8FAE1DB82E80}.Release|Any CPU.ActiveCfg = Release|Any CPU
		{6E6F95D4-6CAC-474B-AF2F-8FAE1DB82E80}.Release|Any CPU.Build.0 = Release|Any CPU
		{C873F348-3CA4-495F-AB57-B01E30EA4112}.Debug|Any CPU.ActiveCfg = Debug|Any CPU
		{C873F348-3CA4-495F-AB57-B01E30EA4112}.Debug|Any CPU.Build.0 = Debug|Any CPU
		{C873F348-3CA4-495F-AB57-B01E30EA4112}.Release|Any CPU.ActiveCfg = Release|Any CPU
		{C873F348-3CA4-495F-AB57-B01E30EA4112}.Release|Any CPU.Build.0 = Release|Any CPU
		{67CF22F4-2C54-4172-ABE4-C0BF3B06DB1D}.Debug|Any CPU.ActiveCfg = Debug|Any CPU
		{67CF22F4-2C54-4172-ABE4-C0BF3B06DB1D}.Debug|Any CPU.Build.0 = Debug|Any CPU
		{67CF22F4-2C54-4172-ABE4-C0BF3B06DB1D}.Release|Any CPU.ActiveCfg = Release|Any CPU
		{67CF22F4-2C54-4172-ABE4-C0BF3B06DB1D}.Release|Any CPU.Build.0 = Release|Any CPU
		{C98A200A-E54E-4E6F-933F-83D2DD617E4E}.Debug|Any CPU.ActiveCfg = Debug|Any CPU
		{C98A200A-E54E-4E6F-933F-83D2DD617E4E}.Debug|Any CPU.Build.0 = Debug|Any CPU
		{C98A200A-E54E-4E6F-933F-83D2DD617E4E}.Release|Any CPU.ActiveCfg = Release|Any CPU
		{C98A200A-E54E-4E6F-933F-83D2DD617E4E}.Release|Any CPU.Build.0 = Release|Any CPU
		{573EDFBF-EF65-4775-91DE-C38F59313CD5}.Debug|Any CPU.ActiveCfg = Debug|Any CPU
		{573EDFBF-EF65-4775-91DE-C38F59313CD5}.Debug|Any CPU.Build.0 = Debug|Any CPU
		{573EDFBF-EF65-4775-91DE-C38F59313CD5}.Release|Any CPU.ActiveCfg = Release|Any CPU
		{573EDFBF-EF65-4775-91DE-C38F59313CD5}.Release|Any CPU.Build.0 = Release|Any CPU
		{212CF20C-7327-4C4A-A1C7-0143E8BEE976}.Debug|Any CPU.ActiveCfg = Debug|Any CPU
		{212CF20C-7327-4C4A-A1C7-0143E8BEE976}.Debug|Any CPU.Build.0 = Debug|Any CPU
		{212CF20C-7327-4C4A-A1C7-0143E8BEE976}.Release|Any CPU.ActiveCfg = Release|Any CPU
		{212CF20C-7327-4C4A-A1C7-0143E8BEE976}.Release|Any CPU.Build.0 = Release|Any CPU
		{1257F68E-480C-4746-8B09-85E92221A7C5}.Debug|Any CPU.ActiveCfg = Debug|Any CPU
		{1257F68E-480C-4746-8B09-85E92221A7C5}.Debug|Any CPU.Build.0 = Debug|Any CPU
		{1257F68E-480C-4746-8B09-85E92221A7C5}.Release|Any CPU.ActiveCfg = Release|Any CPU
		{1257F68E-480C-4746-8B09-85E92221A7C5}.Release|Any CPU.Build.0 = Release|Any CPU
		{ABA13DCB-D5E2-4DED-832C-3AA397ED964C}.Debug|Any CPU.ActiveCfg = Debug|Any CPU
		{ABA13DCB-D5E2-4DED-832C-3AA397ED964C}.Debug|Any CPU.Build.0 = Debug|Any CPU
		{ABA13DCB-D5E2-4DED-832C-3AA397ED964C}.Release|Any CPU.ActiveCfg = Release|Any CPU
		{ABA13DCB-D5E2-4DED-832C-3AA397ED964C}.Release|Any CPU.Build.0 = Release|Any CPU
		{C1D63E63-E64B-FCB7-4276-5EBCB0FEC291}.Debug|Any CPU.ActiveCfg = Debug|Any CPU
		{C1D63E63-E64B-FCB7-4276-5EBCB0FEC291}.Debug|Any CPU.Build.0 = Debug|Any CPU
		{C1D63E63-E64B-FCB7-4276-5EBCB0FEC291}.Release|Any CPU.ActiveCfg = Release|Any CPU
		{C1D63E63-E64B-FCB7-4276-5EBCB0FEC291}.Release|Any CPU.Build.0 = Release|Any CPU
		{095BD783-4859-4FDC-AD28-17ECD5516379}.Debug|Any CPU.ActiveCfg = Debug|Any CPU
		{095BD783-4859-4FDC-AD28-17ECD5516379}.Debug|Any CPU.Build.0 = Debug|Any CPU
		{095BD783-4859-4FDC-AD28-17ECD5516379}.Release|Any CPU.ActiveCfg = Release|Any CPU
		{095BD783-4859-4FDC-AD28-17ECD5516379}.Release|Any CPU.Build.0 = Release|Any CPU
		{22D1F3AC-E4F9-410D-BEA9-05E2BDD9E215}.Debug|Any CPU.ActiveCfg = Debug|Any CPU
		{22D1F3AC-E4F9-410D-BEA9-05E2BDD9E215}.Debug|Any CPU.Build.0 = Debug|Any CPU
		{22D1F3AC-E4F9-410D-BEA9-05E2BDD9E215}.Release|Any CPU.ActiveCfg = Release|Any CPU
		{22D1F3AC-E4F9-410D-BEA9-05E2BDD9E215}.Release|Any CPU.Build.0 = Release|Any CPU
		{CD79DF13-F612-4EE1-90F2-8A719E058C83}.Debug|Any CPU.ActiveCfg = Debug|Any CPU
		{CD79DF13-F612-4EE1-90F2-8A719E058C83}.Debug|Any CPU.Build.0 = Debug|Any CPU
		{CD79DF13-F612-4EE1-90F2-8A719E058C83}.Release|Any CPU.ActiveCfg = Release|Any CPU
		{CD79DF13-F612-4EE1-90F2-8A719E058C83}.Release|Any CPU.Build.0 = Release|Any CPU
		{3F4E6D17-D004-46B0-8ADA-415A93BFEBF8}.Debug|Any CPU.ActiveCfg = Debug|Any CPU
		{3F4E6D17-D004-46B0-8ADA-415A93BFEBF8}.Debug|Any CPU.Build.0 = Debug|Any CPU
		{3F4E6D17-D004-46B0-8ADA-415A93BFEBF8}.Release|Any CPU.ActiveCfg = Release|Any CPU
		{3F4E6D17-D004-46B0-8ADA-415A93BFEBF8}.Release|Any CPU.Build.0 = Release|Any CPU
		{3E764654-463A-4907-AECC-401A7FC0C8C6}.Debug|Any CPU.ActiveCfg = Debug|Any CPU
		{3E764654-463A-4907-AECC-401A7FC0C8C6}.Debug|Any CPU.Build.0 = Debug|Any CPU
		{3E764654-463A-4907-AECC-401A7FC0C8C6}.Release|Any CPU.ActiveCfg = Release|Any CPU
		{3E764654-463A-4907-AECC-401A7FC0C8C6}.Release|Any CPU.Build.0 = Release|Any CPU
		{7B34514D-F55C-A5FE-D1EF-2AB834B91306}.Debug|Any CPU.ActiveCfg = Debug|Any CPU
		{7B34514D-F55C-A5FE-D1EF-2AB834B91306}.Debug|Any CPU.Build.0 = Debug|Any CPU
		{7B34514D-F55C-A5FE-D1EF-2AB834B91306}.Release|Any CPU.ActiveCfg = Release|Any CPU
		{7B34514D-F55C-A5FE-D1EF-2AB834B91306}.Release|Any CPU.Build.0 = Release|Any CPU
		{B5025803-550F-2718-0B4A-39867A675BF8}.Debug|Any CPU.ActiveCfg = Debug|Any CPU
		{B5025803-550F-2718-0B4A-39867A675BF8}.Debug|Any CPU.Build.0 = Debug|Any CPU
		{B5025803-550F-2718-0B4A-39867A675BF8}.Release|Any CPU.ActiveCfg = Release|Any CPU
		{B5025803-550F-2718-0B4A-39867A675BF8}.Release|Any CPU.Build.0 = Release|Any CPU
		{9605B4B8-0A34-BDE4-CFD2-F49073E3B9EF}.Debug|Any CPU.ActiveCfg = Debug|Any CPU
		{9605B4B8-0A34-BDE4-CFD2-F49073E3B9EF}.Debug|Any CPU.Build.0 = Debug|Any CPU
		{9605B4B8-0A34-BDE4-CFD2-F49073E3B9EF}.Release|Any CPU.ActiveCfg = Release|Any CPU
		{9605B4B8-0A34-BDE4-CFD2-F49073E3B9EF}.Release|Any CPU.Build.0 = Release|Any CPU
		{766DC129-B7E6-6BE5-67FF-02794A6C9D6A}.Debug|Any CPU.ActiveCfg = Debug|Any CPU
		{766DC129-B7E6-6BE5-67FF-02794A6C9D6A}.Debug|Any CPU.Build.0 = Debug|Any CPU
		{766DC129-B7E6-6BE5-67FF-02794A6C9D6A}.Release|Any CPU.ActiveCfg = Release|Any CPU
		{766DC129-B7E6-6BE5-67FF-02794A6C9D6A}.Release|Any CPU.Build.0 = Release|Any CPU
		{8758FBDB-9295-0DA5-31B6-DA01667F06FB}.Debug|Any CPU.ActiveCfg = Debug|Any CPU
		{8758FBDB-9295-0DA5-31B6-DA01667F06FB}.Debug|Any CPU.Build.0 = Debug|Any CPU
		{8758FBDB-9295-0DA5-31B6-DA01667F06FB}.Release|Any CPU.ActiveCfg = Release|Any CPU
		{8758FBDB-9295-0DA5-31B6-DA01667F06FB}.Release|Any CPU.Build.0 = Release|Any CPU
		{9D888F9E-F1E9-D817-9103-5037E34D9814}.Debug|Any CPU.ActiveCfg = Debug|Any CPU
		{9D888F9E-F1E9-D817-9103-5037E34D9814}.Debug|Any CPU.Build.0 = Debug|Any CPU
		{9D888F9E-F1E9-D817-9103-5037E34D9814}.Release|Any CPU.ActiveCfg = Release|Any CPU
		{9D888F9E-F1E9-D817-9103-5037E34D9814}.Release|Any CPU.Build.0 = Release|Any CPU
		{F7AC8F98-EECD-4E60-9F50-03BDCB381752}.Debug|Any CPU.ActiveCfg = Debug|Any CPU
		{F7AC8F98-EECD-4E60-9F50-03BDCB381752}.Debug|Any CPU.Build.0 = Debug|Any CPU
		{F7AC8F98-EECD-4E60-9F50-03BDCB381752}.Release|Any CPU.ActiveCfg = Release|Any CPU
		{F7AC8F98-EECD-4E60-9F50-03BDCB381752}.Release|Any CPU.Build.0 = Release|Any CPU
		{E314E983-0624-44B6-83F5-95D1FD3B48F4}.Debug|Any CPU.ActiveCfg = Debug|Any CPU
		{E314E983-0624-44B6-83F5-95D1FD3B48F4}.Debug|Any CPU.Build.0 = Debug|Any CPU
		{E314E983-0624-44B6-83F5-95D1FD3B48F4}.Release|Any CPU.ActiveCfg = Release|Any CPU
		{E314E983-0624-44B6-83F5-95D1FD3B48F4}.Release|Any CPU.Build.0 = Release|Any CPU
		{D2950EB8-D8BA-4ABC-B4D4-A76BD0A8DDD3}.Debug|Any CPU.ActiveCfg = Debug|Any CPU
		{D2950EB8-D8BA-4ABC-B4D4-A76BD0A8DDD3}.Debug|Any CPU.Build.0 = Debug|Any CPU
		{D2950EB8-D8BA-4ABC-B4D4-A76BD0A8DDD3}.Release|Any CPU.ActiveCfg = Release|Any CPU
		{D2950EB8-D8BA-4ABC-B4D4-A76BD0A8DDD3}.Release|Any CPU.Build.0 = Release|Any CPU
		{9F7082F3-1025-4A7D-97C8-13C12235CFC7}.Debug|Any CPU.ActiveCfg = Debug|Any CPU
		{9F7082F3-1025-4A7D-97C8-13C12235CFC7}.Debug|Any CPU.Build.0 = Debug|Any CPU
		{9F7082F3-1025-4A7D-97C8-13C12235CFC7}.Release|Any CPU.ActiveCfg = Release|Any CPU
		{9F7082F3-1025-4A7D-97C8-13C12235CFC7}.Release|Any CPU.Build.0 = Release|Any CPU
		{2D5AC2BC-C97B-42C2-B72F-A72750BFAE64}.Debug|Any CPU.ActiveCfg = Debug|Any CPU
		{2D5AC2BC-C97B-42C2-B72F-A72750BFAE64}.Debug|Any CPU.Build.0 = Debug|Any CPU
		{2D5AC2BC-C97B-42C2-B72F-A72750BFAE64}.Release|Any CPU.ActiveCfg = Release|Any CPU
		{2D5AC2BC-C97B-42C2-B72F-A72750BFAE64}.Release|Any CPU.Build.0 = Release|Any CPU
		{BA3B5C5E-D6A4-39ED-6760-036CDB62E249}.Debug|Any CPU.ActiveCfg = Debug|Any CPU
		{BA3B5C5E-D6A4-39ED-6760-036CDB62E249}.Debug|Any CPU.Build.0 = Debug|Any CPU
		{BA3B5C5E-D6A4-39ED-6760-036CDB62E249}.Release|Any CPU.ActiveCfg = Release|Any CPU
		{BA3B5C5E-D6A4-39ED-6760-036CDB62E249}.Release|Any CPU.Build.0 = Release|Any CPU
		{C5945B9D-CF6E-473D-8A6A-2BDEDAF3C941}.Debug|Any CPU.ActiveCfg = Debug|Any CPU
		{C5945B9D-CF6E-473D-8A6A-2BDEDAF3C941}.Debug|Any CPU.Build.0 = Debug|Any CPU
		{C5945B9D-CF6E-473D-8A6A-2BDEDAF3C941}.Release|Any CPU.ActiveCfg = Release|Any CPU
		{C5945B9D-CF6E-473D-8A6A-2BDEDAF3C941}.Release|Any CPU.Build.0 = Release|Any CPU
		{652EDF5E-C9AD-4E34-9C74-3F8476317441}.Debug|Any CPU.ActiveCfg = Debug|Any CPU
		{652EDF5E-C9AD-4E34-9C74-3F8476317441}.Debug|Any CPU.Build.0 = Debug|Any CPU
		{652EDF5E-C9AD-4E34-9C74-3F8476317441}.Release|Any CPU.ActiveCfg = Release|Any CPU
		{652EDF5E-C9AD-4E34-9C74-3F8476317441}.Release|Any CPU.Build.0 = Release|Any CPU
		{6EF7678A-A725-F430-3097-30F090C0100A}.Debug|Any CPU.ActiveCfg = Debug|Any CPU
		{6EF7678A-A725-F430-3097-30F090C0100A}.Debug|Any CPU.Build.0 = Debug|Any CPU
		{6EF7678A-A725-F430-3097-30F090C0100A}.Release|Any CPU.ActiveCfg = Release|Any CPU
		{6EF7678A-A725-F430-3097-30F090C0100A}.Release|Any CPU.Build.0 = Release|Any CPU
		{010D0C11-D6A2-3CA6-3281-4E0FD547EC2D}.Debug|Any CPU.ActiveCfg = Debug|Any CPU
		{010D0C11-D6A2-3CA6-3281-4E0FD547EC2D}.Debug|Any CPU.Build.0 = Debug|Any CPU
		{010D0C11-D6A2-3CA6-3281-4E0FD547EC2D}.Release|Any CPU.ActiveCfg = Release|Any CPU
		{010D0C11-D6A2-3CA6-3281-4E0FD547EC2D}.Release|Any CPU.Build.0 = Release|Any CPU
		{282E3726-5071-4376-AE4F-2FBAAFC98605}.Debug|Any CPU.ActiveCfg = Debug|Any CPU
		{282E3726-5071-4376-AE4F-2FBAAFC98605}.Debug|Any CPU.Build.0 = Debug|Any CPU
		{282E3726-5071-4376-AE4F-2FBAAFC98605}.Release|Any CPU.ActiveCfg = Release|Any CPU
		{282E3726-5071-4376-AE4F-2FBAAFC98605}.Release|Any CPU.Build.0 = Release|Any CPU
		{3F9467E3-F099-4CC2-8E50-F50B403ABA30}.Debug|Any CPU.ActiveCfg = Debug|Any CPU
		{3F9467E3-F099-4CC2-8E50-F50B403ABA30}.Debug|Any CPU.Build.0 = Debug|Any CPU
		{3F9467E3-F099-4CC2-8E50-F50B403ABA30}.Release|Any CPU.ActiveCfg = Release|Any CPU
		{3F9467E3-F099-4CC2-8E50-F50B403ABA30}.Release|Any CPU.Build.0 = Release|Any CPU
		{52442FBF-AB1E-12BC-8344-0695887AC3CB}.Debug|Any CPU.ActiveCfg = Debug|Any CPU
		{52442FBF-AB1E-12BC-8344-0695887AC3CB}.Debug|Any CPU.Build.0 = Debug|Any CPU
		{52442FBF-AB1E-12BC-8344-0695887AC3CB}.Release|Any CPU.ActiveCfg = Release|Any CPU
		{52442FBF-AB1E-12BC-8344-0695887AC3CB}.Release|Any CPU.Build.0 = Release|Any CPU
	EndGlobalSection
	GlobalSection(SolutionProperties) = preSolution
		HideSolutionNode = FALSE
	EndGlobalSection
	GlobalSection(NestedProjects) = preSolution
		{96C91DA9-8A85-4592-8DE7-D65BC18F1161} = {DDB4EF12-CC4E-5E88-E6FC-71A802F4DE97}
		{FFE8FE4C-9C0E-4A2E-93BC-BCF10EA544B1} = {4A6231C2-F61A-45C2-9133-D6C317AC8280}
		{D783EB48-1549-4010-9347-30E972311C46} = {AAAE952D-B64F-491F-947C-B9E72875860C}
		{FC6BE27A-B6AC-457F-B8B7-841732F7E2CE} = {D783EB48-1549-4010-9347-30E972311C46}
		{4A6231C2-F61A-45C2-9133-D6C317AC8280} = {AAAE952D-B64F-491F-947C-B9E72875860C}
		{E7DDD714-C311-48AD-B5CC-6CB5FBB58496} = {0C3E68D9-43BA-4E49-82BD-79054C6123BA}
		{DB339D28-5C46-4EF3-A3BB-456FD48647AD} = {0C3E68D9-43BA-4E49-82BD-79054C6123BA}
		{3CB83083-0806-406B-9596-A5553EC17336} = {AAAE952D-B64F-491F-947C-B9E72875860C}
		{6E6F95D4-6CAC-474B-AF2F-8FAE1DB82E80} = {3CB83083-0806-406B-9596-A5553EC17336}
		{C873F348-3CA4-495F-AB57-B01E30EA4112} = {D783EB48-1549-4010-9347-30E972311C46}
		{67CF22F4-2C54-4172-ABE4-C0BF3B06DB1D} = {D068BD2B-EE86-49BC-9AE9-CB41BE7B1C3C}
		{0F75E12F-BAD3-4F6F-8C8B-D659E1F98151} = {D068BD2B-EE86-49BC-9AE9-CB41BE7B1C3C}
		{C98A200A-E54E-4E6F-933F-83D2DD617E4E} = {0F75E12F-BAD3-4F6F-8C8B-D659E1F98151}
		{573EDFBF-EF65-4775-91DE-C38F59313CD5} = {D068BD2B-EE86-49BC-9AE9-CB41BE7B1C3C}
		{212CF20C-7327-4C4A-A1C7-0143E8BEE976} = {0F75E12F-BAD3-4F6F-8C8B-D659E1F98151}
		{1257F68E-480C-4746-8B09-85E92221A7C5} = {0D3DCECD-6EF8-4CA5-AB79-741B5CBC7E45}
		{636C93AE-CB5C-4822-821A-0B10C2407A75} = {0D3DCECD-6EF8-4CA5-AB79-741B5CBC7E45}
		{ABA13DCB-D5E2-4DED-832C-3AA397ED964C} = {636C93AE-CB5C-4822-821A-0B10C2407A75}
		{C1D63E63-E64B-FCB7-4276-5EBCB0FEC291} = {636C93AE-CB5C-4822-821A-0B10C2407A75}
		{095BD783-4859-4FDC-AD28-17ECD5516379} = {691A7422-F0DC-45BB-A99E-B96DB7ED52FA}
		{8A73B52F-0E77-4CEC-AE54-F94E2AF21917} = {F61A9789-71AB-488F-B18D-C798DA44EBD5}
		{22D1F3AC-E4F9-410D-BEA9-05E2BDD9E215} = {8A73B52F-0E77-4CEC-AE54-F94E2AF21917}
		{CD79DF13-F612-4EE1-90F2-8A719E058C83} = {F61A9789-71AB-488F-B18D-C798DA44EBD5}
		{3F4E6D17-D004-46B0-8ADA-415A93BFEBF8} = {F61A9789-71AB-488F-B18D-C798DA44EBD5}
		{3E764654-463A-4907-AECC-401A7FC0C8C6} = {8A73B52F-0E77-4CEC-AE54-F94E2AF21917}
		{35F50C23-EBEE-453A-8A0F-A112388BF63C} = {AC3B4423-591F-496F-A1A7-3617401A8D3F}
		{7B34514D-F55C-A5FE-D1EF-2AB834B91306} = {AC3B4423-591F-496F-A1A7-3617401A8D3F}
		{B5025803-550F-2718-0B4A-39867A675BF8} = {35F50C23-EBEE-453A-8A0F-A112388BF63C}
		{9605B4B8-0A34-BDE4-CFD2-F49073E3B9EF} = {35F50C23-EBEE-453A-8A0F-A112388BF63C}
		{766DC129-B7E6-6BE5-67FF-02794A6C9D6A} = {35F50C23-EBEE-453A-8A0F-A112388BF63C}
		{8758FBDB-9295-0DA5-31B6-DA01667F06FB} = {35F50C23-EBEE-453A-8A0F-A112388BF63C}
		{9D888F9E-F1E9-D817-9103-5037E34D9814} = {AC3B4423-591F-496F-A1A7-3617401A8D3F}
		{97B42F2F-3722-4C46-B0F2-DBD30D4FCCB4} = {9650AE62-DE88-4035-A1D2-C5B75F4E09E9}
		{F7AC8F98-EECD-4E60-9F50-03BDCB381752} = {9650AE62-DE88-4035-A1D2-C5B75F4E09E9}
		{E314E983-0624-44B6-83F5-95D1FD3B48F4} = {9650AE62-DE88-4035-A1D2-C5B75F4E09E9}
		{D2950EB8-D8BA-4ABC-B4D4-A76BD0A8DDD3} = {97B42F2F-3722-4C46-B0F2-DBD30D4FCCB4}
		{9F7082F3-1025-4A7D-97C8-13C12235CFC7} = {97B42F2F-3722-4C46-B0F2-DBD30D4FCCB4}
		{6D0D1396-58A8-4C23-BC7C-5FB8A1C51782} = {BF19A42D-0E19-4431-B639-8F5CD1F55FB3}
		{2D5AC2BC-C97B-42C2-B72F-A72750BFAE64} = {6D0D1396-58A8-4C23-BC7C-5FB8A1C51782}
		{BA3B5C5E-D6A4-39ED-6760-036CDB62E249} = {BF19A42D-0E19-4431-B639-8F5CD1F55FB3}
		{C5945B9D-CF6E-473D-8A6A-2BDEDAF3C941} = {BF19A42D-0E19-4431-B639-8F5CD1F55FB3}
		{652EDF5E-C9AD-4E34-9C74-3F8476317441} = {6D0D1396-58A8-4C23-BC7C-5FB8A1C51782}
		{6EF7678A-A725-F430-3097-30F090C0100A} = {D3A1F0BE-E715-4FF3-A448-F9F1F9428BCA}
		{010D0C11-D6A2-3CA6-3281-4E0FD547EC2D} = {D3A1F0BE-E715-4FF3-A448-F9F1F9428BCA}
		{282E3726-5071-4376-AE4F-2FBAAFC98605} = {4779B3EF-8582-46C5-AD46-CA768EB07AE9}
		{8951A7BE-3418-4D17-8913-613B36420FFB} = {4779B3EF-8582-46C5-AD46-CA768EB07AE9}
		{3F9467E3-F099-4CC2-8E50-F50B403ABA30} = {8951A7BE-3418-4D17-8913-613B36420FFB}
		{52442FBF-AB1E-12BC-8344-0695887AC3CB} = {8951A7BE-3418-4D17-8913-613B36420FFB}
	EndGlobalSection
	GlobalSection(ExtensibilityGlobals) = postSolution
		SolutionGuid = {DE3A1FC4-B9D5-4F09-8ACB-8EF816322E53}
	EndGlobalSection
EndGlobal
